// !$*UTF8*$!
{
	archiveVersion = 1;
	classes = {
	};
	objectVersion = 50;
	objects = {

/* Begin PBXBuildFile section */
		AFCCF4C92634922A001872D0 /* URI 1794.cpp in Sources */ = {isa = PBXBuildFile; fileRef = AF6FF01B2634903E00387ECD /* URI 1794.cpp */; };
/* End PBXBuildFile section */

/* Begin PBXCopyFilesBuildPhase section */
		AF0B752026348F77007CCFA1 /* CopyFiles */ = {
			isa = PBXCopyFilesBuildPhase;
			buildActionMask = 2147483647;
			dstPath = /usr/share/man/man1/;
			dstSubfolderSpec = 0;
			files = (
			);
			runOnlyForDeploymentPostprocessing = 1;
		};
/* End PBXCopyFilesBuildPhase section */

/* Begin PBXFileReference section */
		AF0B752226348F78007CCFA1 /* URIOnlineJudge */ = {isa = PBXFileReference; explicitFileType = "compiled.mach-o.executable"; includeInIndex = 0; path = URIOnlineJudge; sourceTree = BUILT_PRODUCTS_DIR; };
		AF6FF01B2634903E00387ECD /* URI 1794.cpp */ = {isa = PBXFileReference; lastKnownFileType = sourcecode.cpp.cpp; path = "URI 1794.cpp"; sourceTree = "<group>"; };
		AF6FF01C2634903E00387ECD /* URI 1708.cpp */ = {isa = PBXFileReference; lastKnownFileType = sourcecode.cpp.cpp; path = "URI 1708.cpp"; sourceTree = "<group>"; };
		AF6FF01D2634903E00387ECD /* URI 2375.cpp */ = {isa = PBXFileReference; lastKnownFileType = sourcecode.cpp.cpp; path = "URI 2375.cpp"; sourceTree = "<group>"; };
		AF6FF01E2634903E00387ECD /* URI 2373.cpp */ = {isa = PBXFileReference; lastKnownFileType = sourcecode.cpp.cpp; path = "URI 2373.cpp"; sourceTree = "<group>"; };
		AF6FF01F2634903E00387ECD /* URI 2434.cpp */ = {isa = PBXFileReference; lastKnownFileType = sourcecode.cpp.cpp; path = "URI 2434.cpp"; sourceTree = "<group>"; };
		AF6FF0202634903E00387ECD /* URI 2455.cpp */ = {isa = PBXFileReference; lastKnownFileType = sourcecode.cpp.cpp; path = "URI 2455.cpp"; sourceTree = "<group>"; };
		AF6FF0232634903E00387ECD /* URI 1151.cpp */ = {isa = PBXFileReference; lastKnownFileType = sourcecode.cpp.cpp; path = "URI 1151.cpp"; sourceTree = "<group>"; };
		AF6FF0242634903E00387ECD /* URI 1185.cpp */ = {isa = PBXFileReference; lastKnownFileType = sourcecode.cpp.cpp; path = "URI 1185.cpp"; sourceTree = "<group>"; };
		AF6FF0252634903E00387ECD /* URI 1146.cpp */ = {isa = PBXFileReference; lastKnownFileType = sourcecode.cpp.cpp; path = "URI 1146.cpp"; sourceTree = "<group>"; };
		AF6FF0262634903E00387ECD /* URI 2670.cpp */ = {isa = PBXFileReference; lastKnownFileType = sourcecode.cpp.cpp; path = "URI 2670.cpp"; sourceTree = "<group>"; };
		AF6FF0272634903E00387ECD /* URI 2310.cpp */ = {isa = PBXFileReference; lastKnownFileType = sourcecode.cpp.cpp; path = "URI 2310.cpp"; sourceTree = "<group>"; };
		AF6FF0282634903E00387ECD /* URI 1156.cpp */ = {isa = PBXFileReference; lastKnownFileType = sourcecode.cpp.cpp; path = "URI 1156.cpp"; sourceTree = "<group>"; };
		AF6FF0292634903E00387ECD /* URI 2846.cpp */ = {isa = PBXFileReference; lastKnownFileType = sourcecode.cpp.cpp; path = "URI 2846.cpp"; sourceTree = "<group>"; };
		AF6FF02A2634903E00387ECD /* URI 2850.cpp */ = {isa = PBXFileReference; lastKnownFileType = sourcecode.cpp.cpp; path = "URI 2850.cpp"; sourceTree = "<group>"; };
		AF6FF02B2634903E00387ECD /* URI 2139.cpp */ = {isa = PBXFileReference; lastKnownFileType = sourcecode.cpp.cpp; path = "URI 2139.cpp"; sourceTree = "<group>"; };
		AF6FF02C2634903E00387ECD /* URI 2313.cpp */ = {isa = PBXFileReference; lastKnownFileType = sourcecode.cpp.cpp; path = "URI 2313.cpp"; sourceTree = "<group>"; };
		AF6FF02D2634903E00387ECD /* URI 1182.cpp */ = {isa = PBXFileReference; lastKnownFileType = sourcecode.cpp.cpp; path = "URI 1182.cpp"; sourceTree = "<group>"; };
		AF6FF02E2634903F00387ECD /* URI 1035.cpp */ = {isa = PBXFileReference; lastKnownFileType = sourcecode.cpp.cpp; path = "URI 1035.cpp"; sourceTree = "<group>"; };
		AF6FF02F2634903F00387ECD /* URI 1960.cpp */ = {isa = PBXFileReference; lastKnownFileType = sourcecode.cpp.cpp; path = "URI 1960.cpp"; sourceTree = "<group>"; };
		AF6FF0302634903F00387ECD /* URI 1046.cpp */ = {isa = PBXFileReference; lastKnownFileType = sourcecode.cpp.cpp; path = "URI 1046.cpp"; sourceTree = "<group>"; };
		AF6FF0312634903F00387ECD /* URI 2765.cpp */ = {isa = PBXFileReference; lastKnownFileType = sourcecode.cpp.cpp; path = "URI 2765.cpp"; sourceTree = "<group>"; };
		AF6FF0322634903F00387ECD /* URI 1051.cpp */ = {isa = PBXFileReference; lastKnownFileType = sourcecode.cpp.cpp; path = "URI 1051.cpp"; sourceTree = "<group>"; };
		AF6FF0332634903F00387ECD /* URI 2160.cpp */ = {isa = PBXFileReference; lastKnownFileType = sourcecode.cpp.cpp; path = "URI 2160.cpp"; sourceTree = "<group>"; };
		AF6FF0342634903F00387ECD /* URI 1050.cpp */ = {isa = PBXFileReference; lastKnownFileType = sourcecode.cpp.cpp; path = "URI 1050.cpp"; sourceTree = "<group>"; };
		AF6FF0352634903F00387ECD /* URI 1929.cpp */ = {isa = PBXFileReference; lastKnownFileType = sourcecode.cpp.cpp; path = "URI 1929.cpp"; sourceTree = "<group>"; };
		AF6FF0362634903F00387ECD /* URI 1848.cpp */ = {isa = PBXFileReference; lastKnownFileType = sourcecode.cpp.cpp; path = "URI 1848.cpp"; sourceTree = "<group>"; };
		AF6FF0372634903F00387ECD /* URI 2762.cpp */ = {isa = PBXFileReference; lastKnownFileType = sourcecode.cpp.cpp; path = "URI 2762.cpp"; sourceTree = "<group>"; };
		AF6FF0382634903F00387ECD /* URI 1080.cpp */ = {isa = PBXFileReference; lastKnownFileType = sourcecode.cpp.cpp; path = "URI 1080.cpp"; sourceTree = "<group>"; };
		AF6FF0392634903F00387ECD /* URI 1043.cpp */ = {isa = PBXFileReference; lastKnownFileType = sourcecode.cpp.cpp; path = "URI 1043.cpp"; sourceTree = "<group>"; };
		AF6FF03A2634903F00387ECD /* URI 2749.cpp */ = {isa = PBXFileReference; lastKnownFileType = sourcecode.cpp.cpp; path = "URI 2749.cpp"; sourceTree = "<group>"; };
		AF6FF03B2634903F00387ECD /* URI 1042.cpp */ = {isa = PBXFileReference; lastKnownFileType = sourcecode.cpp.cpp; path = "URI 1042.cpp"; sourceTree = "<group>"; };
		AF6FF03C2634903F00387ECD /* URI 2552.cpp */ = {isa = PBXFileReference; lastKnownFileType = sourcecode.cpp.cpp; path = "URI 2552.cpp"; sourceTree = "<group>"; };
		AF6FF03D2634903F00387ECD /* URI 2551.cpp */ = {isa = PBXFileReference; lastKnownFileType = sourcecode.cpp.cpp; path = "URI 2551.cpp"; sourceTree = "<group>"; };
		AF6FF03E2634903F00387ECD /* URI 2747.cpp */ = {isa = PBXFileReference; lastKnownFileType = sourcecode.cpp.cpp; path = "URI 2747.cpp"; sourceTree = "<group>"; };
		AF6FF03F2634903F00387ECD /* URI 2544.cpp */ = {isa = PBXFileReference; lastKnownFileType = sourcecode.cpp.cpp; path = "URI 2544.cpp"; sourceTree = "<group>"; };
		AF6FF0402634903F00387ECD /* URI 1049.cpp */ = {isa = PBXFileReference; lastKnownFileType = sourcecode.cpp.cpp; path = "URI 1049.cpp"; sourceTree = "<group>"; };
		AF6FF0412634903F00387ECD /* URI 2554.cpp */ = {isa = PBXFileReference; lastKnownFileType = sourcecode.cpp.cpp; path = "URI 2554.cpp"; sourceTree = "<group>"; };
		AF6FF0422634903F00387ECD /* URI 2782.cpp */ = {isa = PBXFileReference; lastKnownFileType = sourcecode.cpp.cpp; path = "URI 2782.cpp"; sourceTree = "<group>"; };
		AF6FF0432634903F00387ECD /* URI 2783.cpp */ = {isa = PBXFileReference; lastKnownFileType = sourcecode.cpp.cpp; path = "URI 2783.cpp"; sourceTree = "<group>"; };
		AF6FF0442634903F00387ECD /* URI 1789.cpp */ = {isa = PBXFileReference; lastKnownFileType = sourcecode.cpp.cpp; path = "URI 1789.cpp"; sourceTree = "<group>"; };
		AF6FF0452634903F00387ECD /* URI 1010.cpp */ = {isa = PBXFileReference; lastKnownFileType = sourcecode.cpp.cpp; path = "URI 1010.cpp"; sourceTree = "<group>"; };
		AF6FF0462634903F00387ECD /* URI 2727.cpp */ = {isa = PBXFileReference; lastKnownFileType = sourcecode.cpp.cpp; path = "URI 2727.cpp"; sourceTree = "<group>"; };
		AF6FF0472634903F00387ECD /* URI 2653.cpp */ = {isa = PBXFileReference; lastKnownFileType = sourcecode.cpp.cpp; path = "URI 2653.cpp"; sourceTree = "<group>"; };
		AF6FF0482634903F00387ECD /* URI 2486.cpp */ = {isa = PBXFileReference; lastKnownFileType = sourcecode.cpp.cpp; path = "URI 2486.cpp"; sourceTree = "<group>"; };
		AF6FF0492634903F00387ECD /* URI 1011.cpp */ = {isa = PBXFileReference; lastKnownFileType = sourcecode.cpp.cpp; path = "URI 1011.cpp"; sourceTree = "<group>"; };
		AF6FF04A2634903F00387ECD /* URI 1013.cpp */ = {isa = PBXFileReference; lastKnownFileType = sourcecode.cpp.cpp; path = "URI 1013.cpp"; sourceTree = "<group>"; };
		AF6FF04B2634903F00387ECD /* URI 2863.cpp */ = {isa = PBXFileReference; lastKnownFileType = sourcecode.cpp.cpp; path = "URI 2863.cpp"; sourceTree = "<group>"; };
		AF6FF04C2634903F00387ECD /* URI 1827.cpp */ = {isa = PBXFileReference; lastKnownFileType = sourcecode.cpp.cpp; path = "URI 1827.cpp"; sourceTree = "<group>"; };
		AF6FF04D2634903F00387ECD /* URI 1589.cpp */ = {isa = PBXFileReference; lastKnownFileType = sourcecode.cpp.cpp; path = "URI 1589.cpp"; sourceTree = "<group>"; };
		AF6FF04E2634903F00387ECD /* URI 1012.cpp */ = {isa = PBXFileReference; lastKnownFileType = sourcecode.cpp.cpp; path = "URI 1012.cpp"; sourceTree = "<group>"; };
		AF6FF04F2634903F00387ECD /* URI 2126.cpp */ = {isa = PBXFileReference; lastKnownFileType = sourcecode.cpp.cpp; path = "URI 2126.cpp"; sourceTree = "<group>"; };
		AF6FF0502634903F00387ECD /* URI 1759.cpp */ = {isa = PBXFileReference; lastKnownFileType = sourcecode.cpp.cpp; path = "URI 1759.cpp"; sourceTree = "<group>"; };
		AF6FF0512634903F00387ECD /* URI 1174.cpp */ = {isa = PBXFileReference; lastKnownFileType = sourcecode.cpp.cpp; path = "URI 1174.cpp"; sourceTree = "<group>"; };
		AF6FF0522634903F00387ECD /* URI 1014.cpp */ = {isa = PBXFileReference; lastKnownFileType = sourcecode.cpp.cpp; path = "URI 1014.cpp"; sourceTree = "<group>"; };
		AF6FF0542634903F00387ECD /* URI 1958.cpp */ = {isa = PBXFileReference; lastKnownFileType = sourcecode.cpp.cpp; path = "URI 1958.cpp"; sourceTree = "<group>"; };
		AF6FF0552634903F00387ECD /* URI 2712.cpp */ = {isa = PBXFileReference; lastKnownFileType = sourcecode.cpp.cpp; path = "URI 2712.cpp"; sourceTree = "<group>"; };
		AF6FF0562634903F00387ECD /* URI 1435.cpp */ = {isa = PBXFileReference; lastKnownFileType = sourcecode.cpp.cpp; path = "URI 1435.cpp"; sourceTree = "<group>"; };
		AF6FF0572634903F00387ECD /* URI 1178.cpp */ = {isa = PBXFileReference; lastKnownFileType = sourcecode.cpp.cpp; path = "URI 1178.cpp"; sourceTree = "<group>"; };
		AF6FF0582634903F00387ECD /* URI 1187.cpp */ = {isa = PBXFileReference; lastKnownFileType = sourcecode.cpp.cpp; path = "URI 1187.cpp"; sourceTree = "<group>"; };
		AF6FF0592634903F00387ECD /* URI 1181.cpp */ = {isa = PBXFileReference; lastKnownFileType = sourcecode.cpp.cpp; path = "URI 1181.cpp"; sourceTree = "<group>"; };
		AF6FF05A2634903F00387ECD /* URI 1036.cpp */ = {isa = PBXFileReference; lastKnownFileType = sourcecode.cpp.cpp; path = "URI 1036.cpp"; sourceTree = "<group>"; };
		AF6FF05B2634903F00387ECD /* URI 1008.cpp */ = {isa = PBXFileReference; lastKnownFileType = sourcecode.cpp.cpp; path = "URI 1008.cpp"; sourceTree = "<group>"; };
		AF6FF05C2634903F00387ECD /* URI 1183.cpp */ = {isa = PBXFileReference; lastKnownFileType = sourcecode.cpp.cpp; path = "URI 1183.cpp"; sourceTree = "<group>"; };
		AF6FF05D2634903F00387ECD /* URI 2163.cpp */ = {isa = PBXFileReference; lastKnownFileType = sourcecode.cpp.cpp; path = "URI 2163.cpp"; sourceTree = "<group>"; };
		AF6FF05E2634903F00387ECD /* URI 2162.cpp */ = {isa = PBXFileReference; lastKnownFileType = sourcecode.cpp.cpp; path = "URI 2162.cpp"; sourceTree = "<group>"; };
		AF6FF05F2634903F00387ECD /* URI 2028.cpp */ = {isa = PBXFileReference; lastKnownFileType = sourcecode.cpp.cpp; path = "URI 2028.cpp"; sourceTree = "<group>"; };
		AF6FF0602634903F00387ECD /* URI 1118.cpp */ = {isa = PBXFileReference; lastKnownFileType = sourcecode.cpp.cpp; path = "URI 1118.cpp"; sourceTree = "<group>"; };
		AF6FF0612634903F00387ECD /* URI 2203.cpp */ = {isa = PBXFileReference; lastKnownFileType = sourcecode.cpp.cpp; path = "URI 2203.cpp"; sourceTree = "<group>"; };
		AF6FF0622634903F00387ECD /* URI 1044.cpp */ = {isa = PBXFileReference; lastKnownFileType = sourcecode.cpp.cpp; path = "URI 1044.cpp"; sourceTree = "<group>"; };
		AF6FF0632634903F00387ECD /* URI 1478.cpp */ = {isa = PBXFileReference; lastKnownFileType = sourcecode.cpp.cpp; path = "URI 1478.cpp"; sourceTree = "<group>"; };
		AF6FF0642634903F00387ECD /* URI 1041.cpp */ = {isa = PBXFileReference; lastKnownFileType = sourcecode.cpp.cpp; path = "URI 1041.cpp"; sourceTree = "<group>"; };
		AF6FF0652634903F00387ECD /* URI 2774.cpp */ = {isa = PBXFileReference; lastKnownFileType = sourcecode.cpp.cpp; path = "URI 2774.cpp"; sourceTree = "<group>"; };
		AF6FF0662634903F00387ECD /* URI 2760.cpp */ = {isa = PBXFileReference; lastKnownFileType = sourcecode.cpp.cpp; path = "URI 2760.cpp"; sourceTree = "<group>"; };
		AF6FF0672634903F00387ECD /* URI 1098.cpp */ = {isa = PBXFileReference; lastKnownFileType = sourcecode.cpp.cpp; path = "URI 1098.cpp"; sourceTree = "<group>"; };
		AF6FF0682634903F00387ECD /* URI 2630.cpp */ = {isa = PBXFileReference; lastKnownFileType = sourcecode.cpp.cpp; path = "URI 2630.cpp"; sourceTree = "<group>"; };
		AF6FF0692634903F00387ECD /* URI 1847.cpp */ = {isa = PBXFileReference; lastKnownFileType = sourcecode.cpp.cpp; path = "URI 1847.cpp"; sourceTree = "<group>"; };
		AF6FF06A2634903F00387ECD /* URI 1101.cpp */ = {isa = PBXFileReference; lastKnownFileType = sourcecode.cpp.cpp; path = "URI 1101.cpp"; sourceTree = "<group>"; };
		AF6FF06B2634903F00387ECD /* URI 2812.cpp */ = {isa = PBXFileReference; lastKnownFileType = sourcecode.cpp.cpp; path = "URI 2812.cpp"; sourceTree = "<group>"; };
		AF6FF06C2634903F00387ECD /* URI 2635.cpp */ = {isa = PBXFileReference; lastKnownFileType = sourcecode.cpp.cpp; path = "URI 2635.cpp"; sourceTree = "<group>"; };
		AF6FF06D2634903F00387ECD /* URI 2542.cpp */ = {isa = PBXFileReference; lastKnownFileType = sourcecode.cpp.cpp; path = "URI 2542.cpp"; sourceTree = "<group>"; };
		AF6FF06E2634903F00387ECD /* URI 1005.cpp */ = {isa = PBXFileReference; lastKnownFileType = sourcecode.cpp.cpp; path = "URI 1005.cpp"; sourceTree = "<group>"; };
		AF6FF06F2634903F00387ECD /* URI 2687.cpp */ = {isa = PBXFileReference; lastKnownFileType = sourcecode.cpp.cpp; path = "URI 2687.cpp"; sourceTree = "<group>"; };
		AF6FF0702634903F00387ECD /* URI 1984.cpp */ = {isa = PBXFileReference; lastKnownFileType = sourcecode.cpp.cpp; path = "URI 1984.cpp"; sourceTree = "<group>"; };
		AF6FF0712634903F00387ECD /* URI 1176.cpp */ = {isa = PBXFileReference; lastKnownFileType = sourcecode.cpp.cpp; path = "URI 1176.cpp"; sourceTree = "<group>"; };
		AF6FF0722634903F00387ECD /* URI 2520.cpp */ = {isa = PBXFileReference; lastKnownFileType = sourcecode.cpp.cpp; path = "URI 2520.cpp"; sourceTree = "<group>"; };
		AF6FF0732634903F00387ECD /* URI 1160.cpp */ = {isa = PBXFileReference; lastKnownFileType = sourcecode.cpp.cpp; path = "URI 1160.cpp"; sourceTree = "<group>"; };
		AF6FF0752634903F00387ECD /* URI 1145.cpp */ = {isa = PBXFileReference; lastKnownFileType = sourcecode.cpp.cpp; path = "URI 1145.cpp"; sourceTree = "<group>"; };
		AF6FF0762634903F00387ECD /* URI 1018.cpp */ = {isa = PBXFileReference; lastKnownFileType = sourcecode.cpp.cpp; path = "URI 1018.cpp"; sourceTree = "<group>"; };
		AF6FF0772634903F00387ECD /* URI 1973.cpp */ = {isa = PBXFileReference; lastKnownFileType = sourcecode.cpp.cpp; path = "URI 1973.cpp"; sourceTree = "<group>"; };
		AF6FF0782634903F00387ECD /* URI 1557.cpp */ = {isa = PBXFileReference; lastKnownFileType = sourcecode.cpp.cpp; path = "URI 1557.cpp"; sourceTree = "<group>"; };
		AF6FF0792634903F00387ECD /* URI 1037.cpp */ = {isa = PBXFileReference; lastKnownFileType = sourcecode.cpp.cpp; path = "URI 1037.cpp"; sourceTree = "<group>"; };
		AF6FF07A2634903F00387ECD /* URI 2663.cpp */ = {isa = PBXFileReference; lastKnownFileType = sourcecode.cpp.cpp; path = "URI 2663.cpp"; sourceTree = "<group>"; };
		AF6FF07B2634903F00387ECD /* URI 2751.cpp */ = {isa = PBXFileReference; lastKnownFileType = sourcecode.cpp.cpp; path = "URI 2751.cpp"; sourceTree = "<group>"; };
		AF6FF07C2634903F00387ECD /* URI 2626.cpp */ = {isa = PBXFileReference; lastKnownFileType = sourcecode.cpp.cpp; path = "URI 2626.cpp"; sourceTree = "<group>"; };
		AF6FF07D2634903F00387ECD /* URI 1061.cpp */ = {isa = PBXFileReference; lastKnownFileType = sourcecode.cpp.cpp; path = "URI 1061.cpp"; sourceTree = "<group>"; };
		AF6FF07E2634903F00387ECD /* URI 2690.cpp */ = {isa = PBXFileReference; lastKnownFileType = sourcecode.cpp.cpp; path = "URI 2690.cpp"; sourceTree = "<group>"; };
		AF6FF07F2634903F00387ECD /* URI 2685.cpp */ = {isa = PBXFileReference; lastKnownFileType = sourcecode.cpp.cpp; path = "URI 2685.cpp"; sourceTree = "<group>"; };
		AF6FF0802634903F00387ECD /* URI 2718.cpp */ = {isa = PBXFileReference; lastKnownFileType = sourcecode.cpp.cpp; path = "URI 2718.cpp"; sourceTree = "<group>"; };
		AF6FF0812634903F00387ECD /* URI 2686.cpp */ = {isa = PBXFileReference; lastKnownFileType = sourcecode.cpp.cpp; path = "URI 2686.cpp"; sourceTree = "<group>"; };
		AF6FF0822634903F00387ECD /* URI 1001.cpp */ = {isa = PBXFileReference; lastKnownFileType = sourcecode.cpp.cpp; path = "URI 1001.cpp"; sourceTree = "<group>"; };
		AF6FF0842634903F00387ECD /* URI 2510.cpp */ = {isa = PBXFileReference; lastKnownFileType = sourcecode.cpp.cpp; path = "URI 2510.cpp"; sourceTree = "<group>"; };
		AF6FF0852634903F00387ECD /* URI 1541.cpp */ = {isa = PBXFileReference; lastKnownFileType = sourcecode.cpp.cpp; path = "URI 1541.cpp"; sourceTree = "<group>"; };
		AF6FF0862634903F00387ECD /* URI 2896.cpp */ = {isa = PBXFileReference; lastKnownFileType = sourcecode.cpp.cpp; path = "URI 2896.cpp"; sourceTree = "<group>"; };
		AF6FF0872634903F00387ECD /* URI 1179.cpp */ = {isa = PBXFileReference; lastKnownFileType = sourcecode.cpp.cpp; path = "URI 1179.cpp"; sourceTree = "<group>"; };
		AF6FF0882634903F00387ECD /* URI 1150.cpp */ = {isa = PBXFileReference; lastKnownFileType = sourcecode.cpp.cpp; path = "URI 1150.cpp"; sourceTree = "<group>"; };
		AF6FF0892634903F00387ECD /* URI 1959.cpp */ = {isa = PBXFileReference; lastKnownFileType = sourcecode.cpp.cpp; path = "URI 1959.cpp"; sourceTree = "<group>"; };
		AF6FF08A2634903F00387ECD /* URI 1190.cpp */ = {isa = PBXFileReference; lastKnownFileType = sourcecode.cpp.cpp; path = "URI 1190.cpp"; sourceTree = "<group>"; };
		AF6FF08B2634903F00387ECD /* URI 1184.cpp */ = {isa = PBXFileReference; lastKnownFileType = sourcecode.cpp.cpp; path = "URI 1184.cpp"; sourceTree = "<group>"; };
		AF6FF08C2634903F00387ECD /* URI 1180.cpp */ = {isa = PBXFileReference; lastKnownFileType = sourcecode.cpp.cpp; path = "URI 1180.cpp"; sourceTree = "<group>"; };
		AF6FF08D2634903F00387ECD /* URI 2311.cpp */ = {isa = PBXFileReference; lastKnownFileType = sourcecode.cpp.cpp; path = "URI 2311.cpp"; sourceTree = "<group>"; };
		AF6FF08E2634903F00387ECD /* URI 1961.cpp */ = {isa = PBXFileReference; lastKnownFileType = sourcecode.cpp.cpp; path = "URI 1961.cpp"; sourceTree = "<group>"; };
		AF6FF08F2634903F00387ECD /* URI 1020.cpp */ = {isa = PBXFileReference; lastKnownFileType = sourcecode.cpp.cpp; path = "URI 1020.cpp"; sourceTree = "<group>"; };
		AF6FF0902634903F00387ECD /* URI 2717.cpp */ = {isa = PBXFileReference; lastKnownFileType = sourcecode.cpp.cpp; path = "URI 2717.cpp"; sourceTree = "<group>"; };
		AF6FF0912634903F00387ECD /* URI 2059.cpp */ = {isa = PBXFileReference; lastKnownFileType = sourcecode.cpp.cpp; path = "URI 2059.cpp"; sourceTree = "<group>"; };
		AF6FF0922634903F00387ECD /* URI 1154.cpp */ = {isa = PBXFileReference; lastKnownFileType = sourcecode.cpp.cpp; path = "URI 1154.cpp"; sourceTree = "<group>"; };
		AF6FF0932634903F00387ECD /* URI 1155.cpp */ = {isa = PBXFileReference; lastKnownFileType = sourcecode.cpp.cpp; path = "URI 1155.cpp"; sourceTree = "<group>"; };
		AF6FF0942634903F00387ECD /* URI 1828.cpp */ = {isa = PBXFileReference; lastKnownFileType = sourcecode.cpp.cpp; path = "URI 1828.cpp"; sourceTree = "<group>"; };
		AF6FF0952634903F00387ECD /* URI 2845.cpp */ = {isa = PBXFileReference; lastKnownFileType = sourcecode.cpp.cpp; path = "URI 2845.cpp"; sourceTree = "<group>"; };
		AF6FF0962634903F00387ECD /* URI 2003.cpp */ = {isa = PBXFileReference; lastKnownFileType = sourcecode.cpp.cpp; path = "URI 2003.cpp"; sourceTree = "<group>"; };
		AF6FF0972634903F00387ECD /* URI 1132.cpp */ = {isa = PBXFileReference; lastKnownFileType = sourcecode.cpp.cpp; path = "URI 1132.cpp"; sourceTree = "<group>"; };
		AF6FF0982634903F00387ECD /* URI 1133.cpp */ = {isa = PBXFileReference; lastKnownFileType = sourcecode.cpp.cpp; path = "URI 1133.cpp"; sourceTree = "<group>"; };
		AF6FF0992634903F00387ECD /* URI 1079.cpp */ = {isa = PBXFileReference; lastKnownFileType = sourcecode.cpp.cpp; path = "URI 1079.cpp"; sourceTree = "<group>"; };
		AF6FF09A2634903F00387ECD /* URI 2766.cpp */ = {isa = PBXFileReference; lastKnownFileType = sourcecode.cpp.cpp; path = "URI 2766.cpp"; sourceTree = "<group>"; };
		AF6FF09B2634903F00387ECD /* URI 1131.cpp */ = {isa = PBXFileReference; lastKnownFileType = sourcecode.cpp.cpp; path = "URI 1131.cpp"; sourceTree = "<group>"; };
		AF6FF09C2634903F00387ECD /* URI 1534.cpp */ = {isa = PBXFileReference; lastKnownFileType = sourcecode.cpp.cpp; path = "URI 1534.cpp"; sourceTree = "<group>"; };
		AF6FF09D2634903F00387ECD /* URI 1078.cpp */ = {isa = PBXFileReference; lastKnownFileType = sourcecode.cpp.cpp; path = "URI 1078.cpp"; sourceTree = "<group>"; };
		AF6FF09E2634903F00387ECD /* URI 2165.cpp */ = {isa = PBXFileReference; lastKnownFileType = sourcecode.cpp.cpp; path = "URI 2165.cpp"; sourceTree = "<group>"; };
		AF6FF09F2634903F00387ECD /* URI 2159.cpp */ = {isa = PBXFileReference; lastKnownFileType = sourcecode.cpp.cpp; path = "URI 2159.cpp"; sourceTree = "<group>"; };
		AF6FF0A02634903F00387ECD /* URI 2164.cpp */ = {isa = PBXFileReference; lastKnownFileType = sourcecode.cpp.cpp; path = "URI 2164.cpp"; sourceTree = "<group>"; };
		AF6FF0A12634903F00387ECD /* URI 1914.cpp */ = {isa = PBXFileReference; lastKnownFileType = sourcecode.cpp.cpp; path = "URI 1914.cpp"; sourceTree = "<group>"; };
		AF6FF0A22634903F00387ECD /* URI 1094.cpp */ = {isa = PBXFileReference; lastKnownFileType = sourcecode.cpp.cpp; path = "URI 1094.cpp"; sourceTree = "<group>"; };
		AF6FF0A32634903F00387ECD /* URI 2826.cpp */ = {isa = PBXFileReference; lastKnownFileType = sourcecode.cpp.cpp; path = "URI 2826.cpp"; sourceTree = "<group>"; };
		AF6FF0A42634903F00387ECD /* URI 2143.cpp */ = {isa = PBXFileReference; lastKnownFileType = sourcecode.cpp.cpp; path = "URI 2143.cpp"; sourceTree = "<group>"; };
		AF6FF0A52634903F00387ECD /* URI 2779.cpp */ = {isa = PBXFileReference; lastKnownFileType = sourcecode.cpp.cpp; path = "URI 2779.cpp"; sourceTree = "<group>"; };
		AF6FF0A62634903F00387ECD /* URI 2221.cpp */ = {isa = PBXFileReference; lastKnownFileType = sourcecode.cpp.cpp; path = "URI 2221.cpp"; sourceTree = "<group>"; };
		AF6FF0A72634903F00387ECD /* URI 2547.cpp */ = {isa = PBXFileReference; lastKnownFileType = sourcecode.cpp.cpp; path = "URI 2547.cpp"; sourceTree = "<group>"; };
		AF6FF0A82634903F00387ECD /* URI 1066.cpp */ = {isa = PBXFileReference; lastKnownFileType = sourcecode.cpp.cpp; path = "URI 1066.cpp"; sourceTree = "<group>"; };
		AF6FF0A92634903F00387ECD /* URI 1064.cpp */ = {isa = PBXFileReference; lastKnownFileType = sourcecode.cpp.cpp; path = "URI 1064.cpp"; sourceTree = "<group>"; };
		AF6FF0AA2634903F00387ECD /* URI 1065.cpp */ = {isa = PBXFileReference; lastKnownFileType = sourcecode.cpp.cpp; path = "URI 1065.cpp"; sourceTree = "<group>"; };
		AF6FF0AB2634903F00387ECD /* URI 1071.cpp */ = {isa = PBXFileReference; lastKnownFileType = sourcecode.cpp.cpp; path = "URI 1071.cpp"; sourceTree = "<group>"; };
		AF6FF0AC2634903F00387ECD /* URI 2540.cpp */ = {isa = PBXFileReference; lastKnownFileType = sourcecode.cpp.cpp; path = "URI 2540.cpp"; sourceTree = "<group>"; };
		AF6FF0AD2634903F00387ECD /* URI 1075.cpp */ = {isa = PBXFileReference; lastKnownFileType = sourcecode.cpp.cpp; path = "URI 1075.cpp"; sourceTree = "<group>"; };
		AF6FF0AE2634903F00387ECD /* URI 1114.cpp */ = {isa = PBXFileReference; lastKnownFileType = sourcecode.cpp.cpp; path = "URI 1114.cpp"; sourceTree = "<group>"; };
		AF6FF0AF2634903F00387ECD /* URI 2031.cpp */ = {isa = PBXFileReference; lastKnownFileType = sourcecode.cpp.cpp; path = "URI 2031.cpp"; sourceTree = "<group>"; };
		AF6FF0B02634903F00387ECD /* URI 1060.cpp */ = {isa = PBXFileReference; lastKnownFileType = sourcecode.cpp.cpp; path = "URI 1060.cpp"; sourceTree = "<group>"; };
		AF6FF0B12634903F00387ECD /* URI 1074.cpp */ = {isa = PBXFileReference; lastKnownFileType = sourcecode.cpp.cpp; path = "URI 1074.cpp"; sourceTree = "<group>"; };
		AF6FF0B22634903F00387ECD /* URI 1048.cpp */ = {isa = PBXFileReference; lastKnownFileType = sourcecode.cpp.cpp; path = "URI 1048.cpp"; sourceTree = "<group>"; };
		AF6FF0B32634903F00387ECD /* URI 2582.cpp */ = {isa = PBXFileReference; lastKnownFileType = sourcecode.cpp.cpp; path = "URI 2582.cpp"; sourceTree = "<group>"; };
		AF6FF0B42634903F00387ECD /* URI 2543.cpp */ = {isa = PBXFileReference; lastKnownFileType = sourcecode.cpp.cpp; path = "URI 2543.cpp"; sourceTree = "<group>"; };
		AF6FF0B52634903F00387ECD /* URI 2147.cpp */ = {isa = PBXFileReference; lastKnownFileType = sourcecode.cpp.cpp; path = "URI 2147.cpp"; sourceTree = "<group>"; };
		AF6FF0B62634903F00387ECD /* URI 2152.cpp */ = {isa = PBXFileReference; lastKnownFileType = sourcecode.cpp.cpp; path = "URI 2152.cpp"; sourceTree = "<group>"; };
		AF6FF0B72634903F00387ECD /* URI 2807.cpp */ = {isa = PBXFileReference; lastKnownFileType = sourcecode.cpp.cpp; path = "URI 2807.cpp"; sourceTree = "<group>"; };
		AF6FF0B82634903F00387ECD /* URI 2754.cpp */ = {isa = PBXFileReference; lastKnownFileType = sourcecode.cpp.cpp; path = "URI 2754.cpp"; sourceTree = "<group>"; };
		AF6FF0B92634903F00387ECD /* URI 1038.cpp */ = {isa = PBXFileReference; lastKnownFileType = sourcecode.cpp.cpp; path = "URI 1038.cpp"; sourceTree = "<group>"; };
		AF6FF0BA2634903F00387ECD /* URI 1165.cpp */ = {isa = PBXFileReference; lastKnownFileType = sourcecode.cpp.cpp; path = "URI 1165.cpp"; sourceTree = "<group>"; };
		AF6FF0BB2634903F00387ECD /* URI 1007.cpp */ = {isa = PBXFileReference; lastKnownFileType = sourcecode.cpp.cpp; path = "URI 1007.cpp"; sourceTree = "<group>"; };
		AF6FF0BC2634903F00387ECD /* URI 2334.cpp */ = {isa = PBXFileReference; lastKnownFileType = sourcecode.cpp.cpp; path = "URI 2334.cpp"; sourceTree = "<group>"; };
		AF6FF0BD2634903F00387ECD /* URI 1172.cpp */ = {isa = PBXFileReference; lastKnownFileType = sourcecode.cpp.cpp; path = "URI 1172.cpp"; sourceTree = "<group>"; };
		AF6FF0BE2634903F00387ECD /* URI 2533.cpp */ = {isa = PBXFileReference; lastKnownFileType = sourcecode.cpp.cpp; path = "URI 2533.cpp"; sourceTree = "<group>"; };
		AF6FF0BF2634903F00387ECD /* URI 1006.cpp */ = {isa = PBXFileReference; lastKnownFileType = sourcecode.cpp.cpp; path = "URI 1006.cpp"; sourceTree = "<group>"; };
		AF6FF0C02634903F00387ECD /* URI 2523.cpp */ = {isa = PBXFileReference; lastKnownFileType = sourcecode.cpp.cpp; path = "URI 2523.cpp"; sourceTree = "<group>"; };
		AF6FF0C12634903F00387ECD /* URI 1189.cpp */ = {isa = PBXFileReference; lastKnownFileType = sourcecode.cpp.cpp; path = "URI 1189.cpp"; sourceTree = "<group>"; };
		AF6FF0C22634903F00387ECD /* URI 2708.cpp */ = {isa = PBXFileReference; lastKnownFileType = sourcecode.cpp.cpp; path = "URI 2708.cpp"; sourceTree = "<group>"; };
		AF6FF0C32634903F00387ECD /* URI 1003.cpp */ = {isa = PBXFileReference; lastKnownFileType = sourcecode.cpp.cpp; path = "URI 1003.cpp"; sourceTree = "<group>"; };
		AF6FF0C42634903F00387ECD /* URI 2534.cpp */ = {isa = PBXFileReference; lastKnownFileType = sourcecode.cpp.cpp; path = "URI 2534.cpp"; sourceTree = "<group>"; };
		AF6FF0C52634903F00387ECD /* URI 1983.cpp */ = {isa = PBXFileReference; lastKnownFileType = sourcecode.cpp.cpp; path = "URI 1983.cpp"; sourceTree = "<group>"; };
		AF6FF0C62634903F00387ECD /* URI 1015.cpp */ = {isa = PBXFileReference; lastKnownFileType = sourcecode.cpp.cpp; path = "URI 1015.cpp"; sourceTree = "<group>"; };
		AF6FF0C72634903F00387ECD /* URI 1564.cpp */ = {isa = PBXFileReference; lastKnownFileType = sourcecode.cpp.cpp; path = "URI 1564.cpp"; sourceTree = "<group>"; };
		AF6FF0C92634903F00387ECD /* URI 2631.cpp */ = {isa = PBXFileReference; lastKnownFileType = sourcecode.cpp.cpp; path = "URI 2631.cpp"; sourceTree = "<group>"; };
		AF6FF0CB2634903F00387ECD /* URI 1021.cpp */ = {isa = PBXFileReference; lastKnownFileType = sourcecode.cpp.cpp; path = "URI 1021.cpp"; sourceTree = "<group>"; };
		AF6FF0CC2634903F00387ECD /* URI 1047.cpp */ = {isa = PBXFileReference; lastKnownFileType = sourcecode.cpp.cpp; path = "URI 1047.cpp"; sourceTree = "<group>"; };
		AF6FF0CE2634903F00387ECD /* URI 1019.cpp */ = {isa = PBXFileReference; lastKnownFileType = sourcecode.cpp.cpp; path = "URI 1019.cpp"; sourceTree = "<group>"; };
		AF6FF0CF2634903F00387ECD /* URI 2060.cpp */ = {isa = PBXFileReference; lastKnownFileType = sourcecode.cpp.cpp; path = "URI 2060.cpp"; sourceTree = "<group>"; };
		AF6FF0D02634903F00387ECD /* URI 1186.cpp */ = {isa = PBXFileReference; lastKnownFileType = sourcecode.cpp.cpp; path = "URI 1186.cpp"; sourceTree = "<group>"; };
		AF6FF0D12634903F00387ECD /* URI 1144.cpp */ = {isa = PBXFileReference; lastKnownFileType = sourcecode.cpp.cpp; path = "URI 1144.cpp"; sourceTree = "<group>"; };
		AF6FF0D22634903F00387ECD /* URI 2061.cpp */ = {isa = PBXFileReference; lastKnownFileType = sourcecode.cpp.cpp; path = "URI 2061.cpp"; sourceTree = "<group>"; };
		AF6FF0D32634903F00387ECD /* URI 1153.cpp */ = {isa = PBXFileReference; lastKnownFileType = sourcecode.cpp.cpp; path = "URI 1153.cpp"; sourceTree = "<group>"; };
		AF6FF0D42634903F00387ECD /* URI 1962.cpp */ = {isa = PBXFileReference; lastKnownFileType = sourcecode.cpp.cpp; path = "URI 1962.cpp"; sourceTree = "<group>"; };
		AF6FF0D52634903F00387ECD /* URI 1143.cpp */ = {isa = PBXFileReference; lastKnownFileType = sourcecode.cpp.cpp; path = "URI 1143.cpp"; sourceTree = "<group>"; };
		AF6FF0D62634903F00387ECD /* URI 1157.cpp */ = {isa = PBXFileReference; lastKnownFileType = sourcecode.cpp.cpp; path = "URI 1157.cpp"; sourceTree = "<group>"; };
		AF6FF0D72634903F00387ECD /* URI 1142.cpp */ = {isa = PBXFileReference; lastKnownFileType = sourcecode.cpp.cpp; path = "URI 1142.cpp"; sourceTree = "<group>"; };
		AF6FF0D82634903F00387ECD /* URI 1963.cpp */ = {isa = PBXFileReference; lastKnownFileType = sourcecode.cpp.cpp; path = "URI 1963.cpp"; sourceTree = "<group>"; };
		AF6FF0D92634903F00387ECD /* URI 2879.cpp */ = {isa = PBXFileReference; lastKnownFileType = sourcecode.cpp.cpp; path = "URI 2879.cpp"; sourceTree = "<group>"; };
		AF6FF0DA2634903F00387ECD /* URI 2702.cpp */ = {isa = PBXFileReference; lastKnownFileType = sourcecode.cpp.cpp; path = "URI 2702.cpp"; sourceTree = "<group>"; };
		AF6FF0DB2634903F00387ECD /* URI 1009.cpp */ = {isa = PBXFileReference; lastKnownFileType = sourcecode.cpp.cpp; path = "URI 1009.cpp"; sourceTree = "<group>"; };
		AF6FF0DC2634903F00387ECD /* URI 2759.cpp */ = {isa = PBXFileReference; lastKnownFileType = sourcecode.cpp.cpp; path = "URI 2759.cpp"; sourceTree = "<group>"; };
		AF6FF0DD2634903F00387ECD /* URI 1866.cpp */ = {isa = PBXFileReference; lastKnownFileType = sourcecode.cpp.cpp; path = "URI 1866.cpp"; sourceTree = "<group>"; };
		AF6FF0DE2634903F00387ECD /* URI 2176.cpp */ = {isa = PBXFileReference; lastKnownFileType = sourcecode.cpp.cpp; path = "URI 2176.cpp"; sourceTree = "<group>"; };
		AF6FF0DF2634903F00387ECD /* URI 2764.cpp */ = {isa = PBXFileReference; lastKnownFileType = sourcecode.cpp.cpp; path = "URI 2764.cpp"; sourceTree = "<group>"; };
		AF6FF0E02634903F00387ECD /* URI 1858.cpp */ = {isa = PBXFileReference; lastKnownFileType = sourcecode.cpp.cpp; path = "URI 1858.cpp"; sourceTree = "<group>"; };
		AF6FF0E12634903F00387ECD /* URI 1864.cpp */ = {isa = PBXFileReference; lastKnownFileType = sourcecode.cpp.cpp; path = "URI 1864.cpp"; sourceTree = "<group>"; };
		AF6FF0E22634903F00387ECD /* URI 1865.cpp */ = {isa = PBXFileReference; lastKnownFileType = sourcecode.cpp.cpp; path = "URI 1865.cpp"; sourceTree = "<group>"; };
		AF6FF0E32634903F00387ECD /* URI 2161.cpp */ = {isa = PBXFileReference; lastKnownFileType = sourcecode.cpp.cpp; path = "URI 2161.cpp"; sourceTree = "<group>"; };
		AF6FF0E42634903F00387ECD /* URI 2808.cpp */ = {isa = PBXFileReference; lastKnownFileType = sourcecode.cpp.cpp; path = "URI 2808.cpp"; sourceTree = "<group>"; };
		AF6FF0E52634903F00387ECD /* URI 2029.cpp */ = {isa = PBXFileReference; lastKnownFileType = sourcecode.cpp.cpp; path = "URI 2029.cpp"; sourceTree = "<group>"; };
		AF6FF0E62634903F00387ECD /* URI 1097.cpp */ = {isa = PBXFileReference; lastKnownFileType = sourcecode.cpp.cpp; path = "URI 1097.cpp"; sourceTree = "<group>"; };
		AF6FF0E72634903F00387ECD /* URI 1040.cpp */ = {isa = PBXFileReference; lastKnownFileType = sourcecode.cpp.cpp; path = "URI 1040.cpp"; sourceTree = "<group>"; };
		AF6FF0E82634903F00387ECD /* URI 2950.cpp */ = {isa = PBXFileReference; lastKnownFileType = sourcecode.cpp.cpp; path = "URI 2950.cpp"; sourceTree = "<group>"; };
		AF6FF0E92634903F00387ECD /* URI 2763.cpp */ = {isa = PBXFileReference; lastKnownFileType = sourcecode.cpp.cpp; path = "URI 2763.cpp"; sourceTree = "<group>"; };
		AF6FF0EA2634903F00387ECD /* URI 1134.cpp */ = {isa = PBXFileReference; lastKnownFileType = sourcecode.cpp.cpp; path = "URI 1134.cpp"; sourceTree = "<group>"; };
		AF6FF0EB2634903F00387ECD /* URI 2951.cpp */ = {isa = PBXFileReference; lastKnownFileType = sourcecode.cpp.cpp; path = "URI 2951.cpp"; sourceTree = "<group>"; };
		AF6FF0EC2634903F00387ECD /* URI 1096.cpp */ = {isa = PBXFileReference; lastKnownFileType = sourcecode.cpp.cpp; path = "URI 1096.cpp"; sourceTree = "<group>"; };
		AF6FF0ED2634903F00387ECD /* URI 2006.cpp */ = {isa = PBXFileReference; lastKnownFileType = sourcecode.cpp.cpp; path = "URI 2006.cpp"; sourceTree = "<group>"; };
		AF6FF0EE2634903F00387ECD /* URI 2748.cpp */ = {isa = PBXFileReference; lastKnownFileType = sourcecode.cpp.cpp; path = "URI 2748.cpp"; sourceTree = "<group>"; };
		AF6FF0EF2634903F00387ECD /* URI 2166.cpp */ = {isa = PBXFileReference; lastKnownFileType = sourcecode.cpp.cpp; path = "URI 2166.cpp"; sourceTree = "<group>"; };
		AF6FF0F02634903F00387ECD /* URI 2172.cpp */ = {isa = PBXFileReference; lastKnownFileType = sourcecode.cpp.cpp; path = "URI 2172.cpp"; sourceTree = "<group>"; };
		AF6FF0F12634903F00387ECD /* URI 2167.cpp */ = {isa = PBXFileReference; lastKnownFileType = sourcecode.cpp.cpp; path = "URI 2167.cpp"; sourceTree = "<group>"; };
		AF6FF0F22634903F00387ECD /* URI 1095.cpp */ = {isa = PBXFileReference; lastKnownFileType = sourcecode.cpp.cpp; path = "URI 1095.cpp"; sourceTree = "<group>"; };
		AF6FF0F32634903F00387ECD /* URI 2234.cpp */ = {isa = PBXFileReference; lastKnownFileType = sourcecode.cpp.cpp; path = "URI 2234.cpp"; sourceTree = "<group>"; };
		AF6FF0F42634903F00387ECD /* URI 2787.cpp */ = {isa = PBXFileReference; lastKnownFileType = sourcecode.cpp.cpp; path = "URI 2787.cpp"; sourceTree = "<group>"; };
		AF6FF0F52634903F00387ECD /* URI 1113.cpp */ = {isa = PBXFileReference; lastKnownFileType = sourcecode.cpp.cpp; path = "URI 1113.cpp"; sourceTree = "<group>"; };
		AF6FF0F62634903F00387ECD /* URI 2786.cpp */ = {isa = PBXFileReference; lastKnownFileType = sourcecode.cpp.cpp; path = "URI 2786.cpp"; sourceTree = "<group>"; };
		AF6FF0F72634903F00387ECD /* URI 2235.cpp */ = {isa = PBXFileReference; lastKnownFileType = sourcecode.cpp.cpp; path = "URI 2235.cpp"; sourceTree = "<group>"; };
		AF6FF0F82634903F00387ECD /* URI 1933.cpp */ = {isa = PBXFileReference; lastKnownFileType = sourcecode.cpp.cpp; path = "URI 1933.cpp"; sourceTree = "<group>"; };
		AF6FF0F92634903F00387ECD /* URI 1099.cpp */ = {isa = PBXFileReference; lastKnownFileType = sourcecode.cpp.cpp; path = "URI 1099.cpp"; sourceTree = "<group>"; };
		AF6FF0FA2634903F00387ECD /* URI 2753.cpp */ = {isa = PBXFileReference; lastKnownFileType = sourcecode.cpp.cpp; path = "URI 2753.cpp"; sourceTree = "<group>"; };
		AF6FF0FB2634903F00387ECD /* URI 2140.cpp */ = {isa = PBXFileReference; lastKnownFileType = sourcecode.cpp.cpp; path = "URI 2140.cpp"; sourceTree = "<group>"; };
		AF6FF0FC2634903F00387ECD /* URI 2168.cpp */ = {isa = PBXFileReference; lastKnownFileType = sourcecode.cpp.cpp; path = "URI 2168.cpp"; sourceTree = "<group>"; };
		AF6FF0FD2634903F00387ECD /* URI 2752.cpp */ = {isa = PBXFileReference; lastKnownFileType = sourcecode.cpp.cpp; path = "URI 2752.cpp"; sourceTree = "<group>"; };
		AF6FF0FE2634903F00387ECD /* URI 2791.cpp */ = {isa = PBXFileReference; lastKnownFileType = sourcecode.cpp.cpp; path = "URI 2791.cpp"; sourceTree = "<group>"; };
		AF6FF0FF2634903F00387ECD /* URI 2949.cpp */ = {isa = PBXFileReference; lastKnownFileType = sourcecode.cpp.cpp; path = "URI 2949.cpp"; sourceTree = "<group>"; };
		AF6FF1002634903F00387ECD /* URI 1924.cpp */ = {isa = PBXFileReference; lastKnownFileType = sourcecode.cpp.cpp; path = "URI 1924.cpp"; sourceTree = "<group>"; };
		AF6FF1012634903F00387ECD /* URI 1930.cpp */ = {isa = PBXFileReference; lastKnownFileType = sourcecode.cpp.cpp; path = "URI 1930.cpp"; sourceTree = "<group>"; };
		AF6FF1022634903F00387ECD /* URI 2756.cpp */ = {isa = PBXFileReference; lastKnownFileType = sourcecode.cpp.cpp; path = "URI 2756.cpp"; sourceTree = "<group>"; };
		AF6FF1032634903F00387ECD /* URI 1115.cpp */ = {isa = PBXFileReference; lastKnownFileType = sourcecode.cpp.cpp; path = "URI 1115.cpp"; sourceTree = "<group>"; };
		AF6FF1042634903F00387ECD /* URI 2780.cpp */ = {isa = PBXFileReference; lastKnownFileType = sourcecode.cpp.cpp; path = "URI 2780.cpp"; sourceTree = "<group>"; };
		AF6FF1052634903F00387ECD /* URI 1921.cpp */ = {isa = PBXFileReference; lastKnownFileType = sourcecode.cpp.cpp; path = "URI 1921.cpp"; sourceTree = "<group>"; };
		AF6FF1062634903F00387ECD /* URI 1116.cpp */ = {isa = PBXFileReference; lastKnownFileType = sourcecode.cpp.cpp; path = "URI 1116.cpp"; sourceTree = "<group>"; };
		AF6FF1072634903F00387ECD /* URI 1117.cpp */ = {isa = PBXFileReference; lastKnownFileType = sourcecode.cpp.cpp; path = "URI 1117.cpp"; sourceTree = "<group>"; };
		AF6FF1082634903F00387ECD /* URI 2146.cpp */ = {isa = PBXFileReference; lastKnownFileType = sourcecode.cpp.cpp; path = "URI 2146.cpp"; sourceTree = "<group>"; };
		AF6FF1092634903F00387ECD /* URI 2581.cpp */ = {isa = PBXFileReference; lastKnownFileType = sourcecode.cpp.cpp; path = "URI 2581.cpp"; sourceTree = "<group>"; };
		AF6FF10A2634903F00387ECD /* URI 1004.cpp */ = {isa = PBXFileReference; lastKnownFileType = sourcecode.cpp.cpp; path = "URI 1004.cpp"; sourceTree = "<group>"; };
		AF6FF10B2634903F00387ECD /* URI 2684.cpp */ = {isa = PBXFileReference; lastKnownFileType = sourcecode.cpp.cpp; path = "URI 2684.cpp"; sourceTree = "<group>"; };
		AF6FF10C2634903F00387ECD /* URI 1164.cpp */ = {isa = PBXFileReference; lastKnownFileType = sourcecode.cpp.cpp; path = "URI 1164.cpp"; sourceTree = "<group>"; };
		AF6FF10D2634903F00387ECD /* URI 1158.cpp */ = {isa = PBXFileReference; lastKnownFileType = sourcecode.cpp.cpp; path = "URI 1158.cpp"; sourceTree = "<group>"; };
		AF6FF10E2634903F00387ECD /* URI 1159.cpp */ = {isa = PBXFileReference; lastKnownFileType = sourcecode.cpp.cpp; path = "URI 1159.cpp"; sourceTree = "<group>"; };
		AF6FF10F2634903F00387ECD /* URI 2861.cpp */ = {isa = PBXFileReference; lastKnownFileType = sourcecode.cpp.cpp; path = "URI 2861.cpp"; sourceTree = "<group>"; };
		AF6FF1102634903F00387ECD /* URI 1985.cpp */ = {isa = PBXFileReference; lastKnownFileType = sourcecode.cpp.cpp; path = "URI 1985.cpp"; sourceTree = "<group>"; };
		AF6FF1112634903F00387ECD /* URI 1173.cpp */ = {isa = PBXFileReference; lastKnownFileType = sourcecode.cpp.cpp; path = "URI 1173.cpp"; sourceTree = "<group>"; };
		AF6FF1122634903F00387ECD /* URI 2862.cpp */ = {isa = PBXFileReference; lastKnownFileType = sourcecode.cpp.cpp; path = "URI 2862.cpp"; sourceTree = "<group>"; };
		AF6FF1132634903F00387ECD /* URI 2057.cpp */ = {isa = PBXFileReference; lastKnownFileType = sourcecode.cpp.cpp; path = "URI 2057.cpp"; sourceTree = "<group>"; };
		AF6FF1142634903F00387ECD /* URI 2043.cpp */ = {isa = PBXFileReference; lastKnownFileType = sourcecode.cpp.cpp; path = "URI 2043.cpp"; sourceTree = "<group>"; };
		AF6FF1152634903F00387ECD /* URI 1957.cpp */ = {isa = PBXFileReference; lastKnownFileType = sourcecode.cpp.cpp; path = "URI 1957.cpp"; sourceTree = "<group>"; };
		AF6FF1162634903F00387ECD /* URI 1016.cpp */ = {isa = PBXFileReference; lastKnownFileType = sourcecode.cpp.cpp; path = "URI 1016.cpp"; sourceTree = "<group>"; };
		AF6FF1172634903F00387ECD /* URI 2721.cpp */ = {isa = PBXFileReference; lastKnownFileType = sourcecode.cpp.cpp; path = "URI 2721.cpp"; sourceTree = "<group>"; };
		AF6FF1182634903F00387ECD /* URI 1177.cpp */ = {isa = PBXFileReference; lastKnownFileType = sourcecode.cpp.cpp; path = "URI 1177.cpp"; sourceTree = "<group>"; };
		AF6FF1192634903F00387ECD /* URI 1188.cpp */ = {isa = PBXFileReference; lastKnownFileType = sourcecode.cpp.cpp; path = "URI 1188.cpp"; sourceTree = "<group>"; };
		AF6FF11A2634903F00387ECD /* URI 2640.cpp */ = {isa = PBXFileReference; lastKnownFileType = sourcecode.cpp.cpp; path = "URI 2640.cpp"; sourceTree = "<group>"; };
		AF6FF11B2634903F00387ECD /* URI 1017.cpp */ = {isa = PBXFileReference; lastKnownFileType = sourcecode.cpp.cpp; path = "URI 1017.cpp"; sourceTree = "<group>"; };
		AF6FF11C2634903F00387ECD /* URI 2483.cpp */ = {isa = PBXFileReference; lastKnownFileType = sourcecode.cpp.cpp; path = "URI 2483.cpp"; sourceTree = "<group>"; };
		AF6FF11D2634903F00387ECD /* URI 1149.cpp */ = {isa = PBXFileReference; lastKnownFileType = sourcecode.cpp.cpp; path = "URI 1149.cpp"; sourceTree = "<group>"; };
		AF6FF11E2634903F00387ECD /* URI 1175.cpp */ = {isa = PBXFileReference; lastKnownFileType = sourcecode.cpp.cpp; path = "URI 1175.cpp"; sourceTree = "<group>"; };
		AF6FF1202634903F00387ECD /* URI 2502.cpp */ = {isa = PBXFileReference; lastKnownFileType = sourcecode.cpp.cpp; path = "URI 2502.cpp"; sourceTree = "<group>"; };
		AF6FF1212634903F00387ECD /* URI 2674.cpp */ = {isa = PBXFileReference; lastKnownFileType = sourcecode.cpp.cpp; path = "URI 2674.cpp"; sourceTree = "<group>"; };
		AF6FF1222634903F00387ECD /* URI 2338.cpp */ = {isa = PBXFileReference; lastKnownFileType = sourcecode.cpp.cpp; path = "URI 2338.cpp"; sourceTree = "<group>"; };
		AF6FF1232634903F00387ECD /* URI 1045.cpp */ = {isa = PBXFileReference; lastKnownFileType = sourcecode.cpp.cpp; path = "URI 1045.cpp"; sourceTree = "<group>"; };
		AF6FF1242634903F00387ECD /* URI 2493.cpp */ = {isa = PBXFileReference; lastKnownFileType = sourcecode.cpp.cpp; path = "URI 2493.cpp"; sourceTree = "<group>"; };
		AF6FF1252634903F00387ECD /* URI 1002.cpp */ = {isa = PBXFileReference; lastKnownFileType = sourcecode.cpp.cpp; path = "URI 1002.cpp"; sourceTree = "<group>"; };
		AF6FF1262634903F00387ECD /* URI 1837.cpp */ = {isa = PBXFileReference; lastKnownFileType = sourcecode.cpp.cpp; path = "URI 1837.cpp"; sourceTree = "<group>"; };
		AF6FF1282634903F00387ECD /* URI 2222.cpp */ = {isa = PBXFileReference; lastKnownFileType = sourcecode.cpp.cpp; path = "URI 2222.cpp"; sourceTree = "<group>"; };
		AF6FF12A2634903F00387ECD /* Atrasadinhos.cpp */ = {isa = PBXFileReference; lastKnownFileType = sourcecode.cpp.cpp; path = Atrasadinhos.cpp; sourceTree = "<group>"; };
		AF6FF12B2634903F00387ECD /* Acionista por um dia.cpp */ = {isa = PBXFileReference; lastKnownFileType = sourcecode.cpp.cpp; path = "Acionista por um dia.cpp"; sourceTree = "<group>"; };
		AF6FF12C2634903F00387ECD /* Lista de Treinamento.cpp */ = {isa = PBXFileReference; lastKnownFileType = sourcecode.cpp.cpp; path = "Lista de Treinamento.cpp"; sourceTree = "<group>"; };
		AF6FF12F2634903F00387ECD /* URI 2693.cpp */ = {isa = PBXFileReference; lastKnownFileType = sourcecode.cpp.cpp; path = "URI 2693.cpp"; sourceTree = "<group>"; };
		AF6FF1312634903F00387ECD /* URI 2640_1.cpp */ = {isa = PBXFileReference; lastKnownFileType = sourcecode.cpp.cpp; path = "URI 2640_1.cpp"; sourceTree = "<group>"; };
		AF6FF1322634903F00387ECD /* URI 2640_2.cpp */ = {isa = PBXFileReference; lastKnownFileType = sourcecode.cpp.cpp; path = "URI 2640_2.cpp"; sourceTree = "<group>"; };
		AF6FF1332634903F00387ECD /* URI 2640_3.cpp */ = {isa = PBXFileReference; lastKnownFileType = sourcecode.cpp.cpp; path = "URI 2640_3.cpp"; sourceTree = "<group>"; };
		AF6FF1342634903F00387ECD /* URI 2640_test.cpp */ = {isa = PBXFileReference; lastKnownFileType = sourcecode.cpp.cpp; path = "URI 2640_test.cpp"; sourceTree = "<group>"; };
		AF6FF1352634903F00387ECD /* URI 2640.cpp */ = {isa = PBXFileReference; lastKnownFileType = sourcecode.cpp.cpp; path = "URI 2640.cpp"; sourceTree = "<group>"; };
		AF6FF1382634903F00387ECD /* URI 1168.cpp */ = {isa = PBXFileReference; lastKnownFileType = sourcecode.cpp.cpp; path = "URI 1168.cpp"; sourceTree = "<group>"; };
		AF6FF13B2634903F00387ECD /* URI 2688.cpp */ = {isa = PBXFileReference; lastKnownFileType = sourcecode.cpp.cpp; path = "URI 2688.cpp"; sourceTree = "<group>"; };
		AF6FF13E2634903F00387ECD /* URI 1867.cpp */ = {isa = PBXFileReference; lastKnownFileType = sourcecode.cpp.cpp; path = "URI 1867.cpp"; sourceTree = "<group>"; };
		AF6FF13F2634903F00387ECD /* URI 1107.cpp */ = {isa = PBXFileReference; lastKnownFileType = sourcecode.cpp.cpp; path = "URI 1107.cpp"; sourceTree = "<group>"; };
		AF6FF1402634903F00387ECD /* URI 1105.cpp */ = {isa = PBXFileReference; lastKnownFileType = sourcecode.cpp.cpp; path = "URI 1105.cpp"; sourceTree = "<group>"; };
		AF6FF1412634903F00387ECD /* URI 1129.cpp */ = {isa = PBXFileReference; lastKnownFileType = sourcecode.cpp.cpp; path = "URI 1129.cpp"; sourceTree = "<group>"; };
		AF6FF1422634903F00387ECD /* URI 1089.cpp */ = {isa = PBXFileReference; lastKnownFileType = sourcecode.cpp.cpp; path = "URI 1089.cpp"; sourceTree = "<group>"; };
		AF6FF1432634903F00387ECD /* URI 1103.cpp */ = {isa = PBXFileReference; lastKnownFileType = sourcecode.cpp.cpp; path = "URI 1103.cpp"; sourceTree = "<group>"; };
		AF6FF1442634903F00387ECD /* URI 1945.cpp */ = {isa = PBXFileReference; lastKnownFileType = sourcecode.cpp.cpp; path = "URI 1945.cpp"; sourceTree = "<group>"; };
		AF6FF1462634903F00387ECD /* URI 1618.cpp */ = {isa = PBXFileReference; lastKnownFileType = sourcecode.cpp.cpp; path = "URI 1618.cpp"; sourceTree = "<group>"; };
		AF6FF1482634903F00387ECD /* URI 1026.cpp */ = {isa = PBXFileReference; lastKnownFileType = sourcecode.cpp.cpp; path = "URI 1026.cpp"; sourceTree = "<group>"; };
		AF6FF1492634903F00387ECD /* URI 1849.cpp */ = {isa = PBXFileReference; lastKnownFileType = sourcecode.cpp.cpp; path = "URI 1849.cpp"; sourceTree = "<group>"; };
		AF6FF14B2634903F00387ECD /* URI 2315.cpp */ = {isa = PBXFileReference; lastKnownFileType = sourcecode.cpp.cpp; path = "URI 2315.cpp"; sourceTree = "<group>"; };
		AF6FF14C2634903F00387ECD /* URI 1437.cpp */ = {isa = PBXFileReference; lastKnownFileType = sourcecode.cpp.cpp; path = "URI 1437.cpp"; sourceTree = "<group>"; };
		AF6FF14D2634903F00387ECD /* URI 1553.cpp */ = {isa = PBXFileReference; lastKnownFileType = sourcecode.cpp.cpp; path = "URI 1553.cpp"; sourceTree = "<group>"; };
		AF6FF14E2634903F00387ECD /* URI 1140.cpp */ = {isa = PBXFileReference; lastKnownFileType = sourcecode.cpp.cpp; path = "URI 1140.cpp"; sourceTree = "<group>"; };
		AF6FF14F2634903F00387ECD /* URI 2418.cpp */ = {isa = PBXFileReference; lastKnownFileType = sourcecode.cpp.cpp; path = "URI 2418.cpp"; sourceTree = "<group>"; };
		AF6FF1502634903F00387ECD /* URI 1171.cpp */ = {isa = PBXFileReference; lastKnownFileType = sourcecode.cpp.cpp; path = "URI 1171.cpp"; sourceTree = "<group>"; };
		AF6FF1522634903F00387ECD /* URI 1794.cpp */ = {isa = PBXFileReference; lastKnownFileType = sourcecode.cpp.cpp; path = "URI 1794.cpp"; sourceTree = "<group>"; };
		AF6FF1532634903F00387ECD /* URI 1743.cpp */ = {isa = PBXFileReference; lastKnownFileType = sourcecode.cpp.cpp; path = "URI 1743.cpp"; sourceTree = "<group>"; };
		AF6FF1542634903F00387ECD /* URI 1192.cpp */ = {isa = PBXFileReference; lastKnownFileType = sourcecode.cpp.cpp; path = "URI 1192.cpp"; sourceTree = "<group>"; };
		AF6FF1552634903F00387ECD /* URI 2459.cpp */ = {isa = PBXFileReference; lastKnownFileType = sourcecode.cpp.cpp; path = "URI 2459.cpp"; sourceTree = "<group>"; };
		AF6FF1562634903F00387ECD /* URI 1387.cpp */ = {isa = PBXFileReference; lastKnownFileType = sourcecode.cpp.cpp; path = "URI 1387.cpp"; sourceTree = "<group>"; };
		AF6FF1572634903F00387ECD /* URI 1379.cpp */ = {isa = PBXFileReference; lastKnownFileType = sourcecode.cpp.cpp; path = "URI 1379.cpp"; sourceTree = "<group>"; };
		AF6FF1582634903F00387ECD /* URI 1397.cpp */ = {isa = PBXFileReference; lastKnownFileType = sourcecode.cpp.cpp; path = "URI 1397.cpp"; sourceTree = "<group>"; };
		AF6FF1592634903F00387ECD /* URI 1546.cpp */ = {isa = PBXFileReference; lastKnownFileType = sourcecode.cpp.cpp; path = "URI 1546.cpp"; sourceTree = "<group>"; };
		AF6FF15A2634903F00387ECD /* URI 1793.cpp */ = {isa = PBXFileReference; lastKnownFileType = sourcecode.cpp.cpp; path = "URI 1793.cpp"; sourceTree = "<group>"; };
		AF6FF15B2634903F00387ECD /* URI 2058.cpp */ = {isa = PBXFileReference; lastKnownFileType = sourcecode.cpp.cpp; path = "URI 2058.cpp"; sourceTree = "<group>"; };
		AF6FF15C2634903F00387ECD /* URI 1091.cpp */ = {isa = PBXFileReference; lastKnownFileType = sourcecode.cpp.cpp; path = "URI 1091.cpp"; sourceTree = "<group>"; };
		AF6FF15D2634903F00387ECD /* URI 1250.cpp */ = {isa = PBXFileReference; lastKnownFileType = sourcecode.cpp.cpp; path = "URI 1250.cpp"; sourceTree = "<group>"; };
		AF6FF15E2634903F00387ECD /* URI 2374.cpp */ = {isa = PBXFileReference; lastKnownFileType = sourcecode.cpp.cpp; path = "URI 2374.cpp"; sourceTree = "<group>"; };
		AF6FF15F2634903F00387ECD /* URI 2377.cpp */ = {isa = PBXFileReference; lastKnownFileType = sourcecode.cpp.cpp; path = "URI 2377.cpp"; sourceTree = "<group>"; };
		AF6FF1602634903F00387ECD /* URI 2388.cpp */ = {isa = PBXFileReference; lastKnownFileType = sourcecode.cpp.cpp; path = "URI 2388.cpp"; sourceTree = "<group>"; };
		AF6FF1612634903F00387ECD /* URI 2416.cpp */ = {isa = PBXFileReference; lastKnownFileType = sourcecode.cpp.cpp; path = "URI 2416.cpp"; sourceTree = "<group>"; };
		AF6FF1622634903F00387ECD /* URI 1890.cpp */ = {isa = PBXFileReference; lastKnownFileType = sourcecode.cpp.cpp; path = "URI 1890.cpp"; sourceTree = "<group>"; };
		AF6FF1632634903F00387ECD /* URI 2369.cpp */ = {isa = PBXFileReference; lastKnownFileType = sourcecode.cpp.cpp; path = "URI 2369.cpp"; sourceTree = "<group>"; };
		AF6FF1642634903F00387ECD /* URI 2381.cpp */ = {isa = PBXFileReference; lastKnownFileType = sourcecode.cpp.cpp; path = "URI 2381.cpp"; sourceTree = "<group>"; };
		AF6FF1652634903F00387ECD /* URI 1515.cpp */ = {isa = PBXFileReference; lastKnownFileType = sourcecode.cpp.cpp; path = "URI 1515.cpp"; sourceTree = "<group>"; };
		AF6FF1662634903F00387ECD /* URI 1467.cpp */ = {isa = PBXFileReference; lastKnownFileType = sourcecode.cpp.cpp; path = "URI 1467.cpp"; sourceTree = "<group>"; };
		AF6FF1672634903F00387ECD /* URI 1428.cpp */ = {isa = PBXFileReference; lastKnownFileType = sourcecode.cpp.cpp; path = "URI 1428.cpp"; sourceTree = "<group>"; };
		AF6FF1682634903F00387ECD /* URI 2479.cpp */ = {isa = PBXFileReference; lastKnownFileType = sourcecode.cpp.cpp; path = "URI 2479.cpp"; sourceTree = "<group>"; };
		AF6FF1692634903F00387ECD /* URI 2875.cpp */ = {isa = PBXFileReference; lastKnownFileType = sourcecode.cpp.cpp; path = "URI 2875.cpp"; sourceTree = "<group>"; };
		AF6FF16A2634903F00387ECD /* URI 2295.cpp */ = {isa = PBXFileReference; lastKnownFileType = sourcecode.cpp.cpp; path = "URI 2295.cpp"; sourceTree = "<group>"; };
		AF6FF16B2634903F00387ECD /* URI 2679.cpp */ = {isa = PBXFileReference; lastKnownFileType = sourcecode.cpp.cpp; path = "URI 2679.cpp"; sourceTree = "<group>"; };
		AF6FF16C2634903F00387ECD /* URI 1943.cpp */ = {isa = PBXFileReference; lastKnownFileType = sourcecode.cpp.cpp; path = "URI 1943.cpp"; sourceTree = "<group>"; };
		AF6FF16D2634903F00387ECD /* URI 2456.cpp */ = {isa = PBXFileReference; lastKnownFileType = sourcecode.cpp.cpp; path = "URI 2456.cpp"; sourceTree = "<group>"; };
		AF6FF16E2634903F00387ECD /* URI 1573.cpp */ = {isa = PBXFileReference; lastKnownFileType = sourcecode.cpp.cpp; path = "URI 1573.cpp"; sourceTree = "<group>"; };
/* End PBXFileReference section */

/* Begin PBXFrameworksBuildPhase section */
		AF0B751F26348F77007CCFA1 /* Frameworks */ = {
			isa = PBXFrameworksBuildPhase;
			buildActionMask = 2147483647;
			files = (
			);
			runOnlyForDeploymentPostprocessing = 0;
		};
/* End PBXFrameworksBuildPhase section */

/* Begin PBXGroup section */
		AF0B751926348F77007CCFA1 = {
			isa = PBXGroup;
			children = (
				AF6FF13C2634903F00387ECD /* Ad-Hoc */,
				AF6FF0212634903E00387ECD /* Beginner */,
				AF6FF1292634903F00387ECD /* Contests */,
				AF6FF01A2634903E00387ECD /* Current_Problem */,
				AF6FF12D2634903F00387ECD /* Estruturas e Bibliotecas */,
				AF6FF1392634903F00387ECD /* Grafos */,
				AF6FF1302634903F00387ECD /* Problemas Adiados */,
				AF6FF1362634903F00387ECD /* Strings */,
				AF0B752326348F78007CCFA1 /* Products */,
			);
			sourceTree = "<group>";
		};
		AF0B752326348F78007CCFA1 /* Products */ = {
			isa = PBXGroup;
			children = (
				AF0B752226348F78007CCFA1 /* URIOnlineJudge */,
			);
			name = Products;
			sourceTree = "<group>";
		};
		AF6FF01A2634903E00387ECD /* Current_Problem */ = {
			isa = PBXGroup;
			children = (
				AF6FF01B2634903E00387ECD /* URI 1794.cpp */,
				AF6FF01C2634903E00387ECD /* URI 1708.cpp */,
				AF6FF01D2634903E00387ECD /* URI 2375.cpp */,
				AF6FF01E2634903E00387ECD /* URI 2373.cpp */,
				AF6FF01F2634903E00387ECD /* URI 2434.cpp */,
				AF6FF0202634903E00387ECD /* URI 2455.cpp */,
			);
			path = Current_Problem;
			sourceTree = "<group>";
		};
		AF6FF0212634903E00387ECD /* Beginner */ = {
			isa = PBXGroup;
			children = (
				AF6FF0CD2634903F00387ECD /* Nível 1 */,
				AF6FF0832634903F00387ECD /* Nível 2 */,
				AF6FF0222634903E00387ECD /* Nível 3 */,
				AF6FF0532634903F00387ECD /* Nível 4 */,
				AF6FF0742634903F00387ECD /* Nível 5 */,
				AF6FF11F2634903F00387ECD /* Nível 6 */,
				AF6FF0CA2634903F00387ECD /* Nível 7 */,
				AF6FF1272634903F00387ECD /* Nível 8 */,
				AF6FF0C82634903F00387ECD /* Nível 9 */,
			);
			path = Beginner;
			sourceTree = "<group>";
		};
		AF6FF0222634903E00387ECD /* Nível 3 */ = {
			isa = PBXGroup;
			children = (
				AF6FF0232634903E00387ECD /* URI 1151.cpp */,
				AF6FF0242634903E00387ECD /* URI 1185.cpp */,
				AF6FF0252634903E00387ECD /* URI 1146.cpp */,
				AF6FF0262634903E00387ECD /* URI 2670.cpp */,
				AF6FF0272634903E00387ECD /* URI 2310.cpp */,
				AF6FF0282634903E00387ECD /* URI 1156.cpp */,
				AF6FF0292634903E00387ECD /* URI 2846.cpp */,
				AF6FF02A2634903E00387ECD /* URI 2850.cpp */,
				AF6FF02B2634903E00387ECD /* URI 2139.cpp */,
				AF6FF02C2634903E00387ECD /* URI 2313.cpp */,
				AF6FF02D2634903E00387ECD /* URI 1182.cpp */,
				AF6FF02E2634903F00387ECD /* URI 1035.cpp */,
				AF6FF02F2634903F00387ECD /* URI 1960.cpp */,
				AF6FF0302634903F00387ECD /* URI 1046.cpp */,
				AF6FF0312634903F00387ECD /* URI 2765.cpp */,
				AF6FF0322634903F00387ECD /* URI 1051.cpp */,
				AF6FF0332634903F00387ECD /* URI 2160.cpp */,
				AF6FF0342634903F00387ECD /* URI 1050.cpp */,
				AF6FF0352634903F00387ECD /* URI 1929.cpp */,
				AF6FF0362634903F00387ECD /* URI 1848.cpp */,
				AF6FF0372634903F00387ECD /* URI 2762.cpp */,
				AF6FF0382634903F00387ECD /* URI 1080.cpp */,
				AF6FF0392634903F00387ECD /* URI 1043.cpp */,
				AF6FF03A2634903F00387ECD /* URI 2749.cpp */,
				AF6FF03B2634903F00387ECD /* URI 1042.cpp */,
				AF6FF03C2634903F00387ECD /* URI 2552.cpp */,
				AF6FF03D2634903F00387ECD /* URI 2551.cpp */,
				AF6FF03E2634903F00387ECD /* URI 2747.cpp */,
				AF6FF03F2634903F00387ECD /* URI 2544.cpp */,
				AF6FF0402634903F00387ECD /* URI 1049.cpp */,
				AF6FF0412634903F00387ECD /* URI 2554.cpp */,
				AF6FF0422634903F00387ECD /* URI 2782.cpp */,
				AF6FF0432634903F00387ECD /* URI 2783.cpp */,
				AF6FF0442634903F00387ECD /* URI 1789.cpp */,
				AF6FF0452634903F00387ECD /* URI 1010.cpp */,
				AF6FF0462634903F00387ECD /* URI 2727.cpp */,
				AF6FF0472634903F00387ECD /* URI 2653.cpp */,
				AF6FF0482634903F00387ECD /* URI 2486.cpp */,
				AF6FF0492634903F00387ECD /* URI 1011.cpp */,
				AF6FF04A2634903F00387ECD /* URI 1013.cpp */,
				AF6FF04B2634903F00387ECD /* URI 2863.cpp */,
				AF6FF04C2634903F00387ECD /* URI 1827.cpp */,
				AF6FF04D2634903F00387ECD /* URI 1589.cpp */,
				AF6FF04E2634903F00387ECD /* URI 1012.cpp */,
				AF6FF04F2634903F00387ECD /* URI 2126.cpp */,
				AF6FF0502634903F00387ECD /* URI 1759.cpp */,
				AF6FF0512634903F00387ECD /* URI 1174.cpp */,
				AF6FF0522634903F00387ECD /* URI 1014.cpp */,
			);
			path = "Nível 3";
			sourceTree = "<group>";
		};
		AF6FF0532634903F00387ECD /* Nível 4 */ = {
			isa = PBXGroup;
			children = (
				AF6FF0542634903F00387ECD /* URI 1958.cpp */,
				AF6FF0552634903F00387ECD /* URI 2712.cpp */,
				AF6FF0562634903F00387ECD /* URI 1435.cpp */,
				AF6FF0572634903F00387ECD /* URI 1178.cpp */,
				AF6FF0582634903F00387ECD /* URI 1187.cpp */,
				AF6FF0592634903F00387ECD /* URI 1181.cpp */,
				AF6FF05A2634903F00387ECD /* URI 1036.cpp */,
				AF6FF05B2634903F00387ECD /* URI 1008.cpp */,
				AF6FF05C2634903F00387ECD /* URI 1183.cpp */,
				AF6FF05D2634903F00387ECD /* URI 2163.cpp */,
				AF6FF05E2634903F00387ECD /* URI 2162.cpp */,
				AF6FF05F2634903F00387ECD /* URI 2028.cpp */,
				AF6FF0602634903F00387ECD /* URI 1118.cpp */,
				AF6FF0612634903F00387ECD /* URI 2203.cpp */,
				AF6FF0622634903F00387ECD /* URI 1044.cpp */,
				AF6FF0632634903F00387ECD /* URI 1478.cpp */,
				AF6FF0642634903F00387ECD /* URI 1041.cpp */,
				AF6FF0652634903F00387ECD /* URI 2774.cpp */,
				AF6FF0662634903F00387ECD /* URI 2760.cpp */,
				AF6FF0672634903F00387ECD /* URI 1098.cpp */,
				AF6FF0682634903F00387ECD /* URI 2630.cpp */,
				AF6FF0692634903F00387ECD /* URI 1847.cpp */,
				AF6FF06A2634903F00387ECD /* URI 1101.cpp */,
				AF6FF06B2634903F00387ECD /* URI 2812.cpp */,
				AF6FF06C2634903F00387ECD /* URI 2635.cpp */,
				AF6FF06D2634903F00387ECD /* URI 2542.cpp */,
				AF6FF06E2634903F00387ECD /* URI 1005.cpp */,
				AF6FF06F2634903F00387ECD /* URI 2687.cpp */,
				AF6FF0702634903F00387ECD /* URI 1984.cpp */,
				AF6FF0712634903F00387ECD /* URI 1176.cpp */,
				AF6FF0722634903F00387ECD /* URI 2520.cpp */,
				AF6FF0732634903F00387ECD /* URI 1160.cpp */,
			);
			path = "Nível 4";
			sourceTree = "<group>";
		};
		AF6FF0742634903F00387ECD /* Nível 5 */ = {
			isa = PBXGroup;
			children = (
				AF6FF0752634903F00387ECD /* URI 1145.cpp */,
				AF6FF0762634903F00387ECD /* URI 1018.cpp */,
				AF6FF0772634903F00387ECD /* URI 1973.cpp */,
				AF6FF0782634903F00387ECD /* URI 1557.cpp */,
				AF6FF0792634903F00387ECD /* URI 1037.cpp */,
				AF6FF07A2634903F00387ECD /* URI 2663.cpp */,
				AF6FF07B2634903F00387ECD /* URI 2751.cpp */,
				AF6FF07C2634903F00387ECD /* URI 2626.cpp */,
				AF6FF07D2634903F00387ECD /* URI 1061.cpp */,
				AF6FF07E2634903F00387ECD /* URI 2690.cpp */,
				AF6FF07F2634903F00387ECD /* URI 2685.cpp */,
				AF6FF0802634903F00387ECD /* URI 2718.cpp */,
				AF6FF0812634903F00387ECD /* URI 2686.cpp */,
				AF6FF0822634903F00387ECD /* URI 1001.cpp */,
			);
			path = "Nível 5";
			sourceTree = "<group>";
		};
		AF6FF0832634903F00387ECD /* Nível 2 */ = {
			isa = PBXGroup;
			children = (
				AF6FF0842634903F00387ECD /* URI 2510.cpp */,
				AF6FF0852634903F00387ECD /* URI 1541.cpp */,
				AF6FF0862634903F00387ECD /* URI 2896.cpp */,
				AF6FF0872634903F00387ECD /* URI 1179.cpp */,
				AF6FF0882634903F00387ECD /* URI 1150.cpp */,
				AF6FF0892634903F00387ECD /* URI 1959.cpp */,
				AF6FF08A2634903F00387ECD /* URI 1190.cpp */,
				AF6FF08B2634903F00387ECD /* URI 1184.cpp */,
				AF6FF08C2634903F00387ECD /* URI 1180.cpp */,
				AF6FF08D2634903F00387ECD /* URI 2311.cpp */,
				AF6FF08E2634903F00387ECD /* URI 1961.cpp */,
				AF6FF08F2634903F00387ECD /* URI 1020.cpp */,
				AF6FF0902634903F00387ECD /* URI 2717.cpp */,
				AF6FF0912634903F00387ECD /* URI 2059.cpp */,
				AF6FF0922634903F00387ECD /* URI 1154.cpp */,
				AF6FF0932634903F00387ECD /* URI 1155.cpp */,
				AF6FF0942634903F00387ECD /* URI 1828.cpp */,
				AF6FF0952634903F00387ECD /* URI 2845.cpp */,
				AF6FF0962634903F00387ECD /* URI 2003.cpp */,
				AF6FF0972634903F00387ECD /* URI 1132.cpp */,
				AF6FF0982634903F00387ECD /* URI 1133.cpp */,
				AF6FF0992634903F00387ECD /* URI 1079.cpp */,
				AF6FF09A2634903F00387ECD /* URI 2766.cpp */,
				AF6FF09B2634903F00387ECD /* URI 1131.cpp */,
				AF6FF09C2634903F00387ECD /* URI 1534.cpp */,
				AF6FF09D2634903F00387ECD /* URI 1078.cpp */,
				AF6FF09E2634903F00387ECD /* URI 2165.cpp */,
				AF6FF09F2634903F00387ECD /* URI 2159.cpp */,
				AF6FF0A02634903F00387ECD /* URI 2164.cpp */,
				AF6FF0A12634903F00387ECD /* URI 1914.cpp */,
				AF6FF0A22634903F00387ECD /* URI 1094.cpp */,
				AF6FF0A32634903F00387ECD /* URI 2826.cpp */,
				AF6FF0A42634903F00387ECD /* URI 2143.cpp */,
				AF6FF0A52634903F00387ECD /* URI 2779.cpp */,
				AF6FF0A62634903F00387ECD /* URI 2221.cpp */,
				AF6FF0A72634903F00387ECD /* URI 2547.cpp */,
				AF6FF0A82634903F00387ECD /* URI 1066.cpp */,
				AF6FF0A92634903F00387ECD /* URI 1064.cpp */,
				AF6FF0AA2634903F00387ECD /* URI 1065.cpp */,
				AF6FF0AB2634903F00387ECD /* URI 1071.cpp */,
				AF6FF0AC2634903F00387ECD /* URI 2540.cpp */,
				AF6FF0AD2634903F00387ECD /* URI 1075.cpp */,
				AF6FF0AE2634903F00387ECD /* URI 1114.cpp */,
				AF6FF0AF2634903F00387ECD /* URI 2031.cpp */,
				AF6FF0B02634903F00387ECD /* URI 1060.cpp */,
				AF6FF0B12634903F00387ECD /* URI 1074.cpp */,
				AF6FF0B22634903F00387ECD /* URI 1048.cpp */,
				AF6FF0B32634903F00387ECD /* URI 2582.cpp */,
				AF6FF0B42634903F00387ECD /* URI 2543.cpp */,
				AF6FF0B52634903F00387ECD /* URI 2147.cpp */,
				AF6FF0B62634903F00387ECD /* URI 2152.cpp */,
				AF6FF0B72634903F00387ECD /* URI 2807.cpp */,
				AF6FF0B82634903F00387ECD /* URI 2754.cpp */,
				AF6FF0B92634903F00387ECD /* URI 1038.cpp */,
				AF6FF0BA2634903F00387ECD /* URI 1165.cpp */,
				AF6FF0BB2634903F00387ECD /* URI 1007.cpp */,
				AF6FF0BC2634903F00387ECD /* URI 2334.cpp */,
				AF6FF0BD2634903F00387ECD /* URI 1172.cpp */,
				AF6FF0BE2634903F00387ECD /* URI 2533.cpp */,
				AF6FF0BF2634903F00387ECD /* URI 1006.cpp */,
				AF6FF0C02634903F00387ECD /* URI 2523.cpp */,
				AF6FF0C12634903F00387ECD /* URI 1189.cpp */,
				AF6FF0C22634903F00387ECD /* URI 2708.cpp */,
				AF6FF0C32634903F00387ECD /* URI 1003.cpp */,
				AF6FF0C42634903F00387ECD /* URI 2534.cpp */,
				AF6FF0C52634903F00387ECD /* URI 1983.cpp */,
				AF6FF0C62634903F00387ECD /* URI 1015.cpp */,
				AF6FF0C72634903F00387ECD /* URI 1564.cpp */,
			);
			path = "Nível 2";
			sourceTree = "<group>";
		};
		AF6FF0C82634903F00387ECD /* Nível 9 */ = {
			isa = PBXGroup;
			children = (
				AF6FF0C92634903F00387ECD /* URI 2631.cpp */,
			);
			path = "Nível 9";
			sourceTree = "<group>";
		};
		AF6FF0CA2634903F00387ECD /* Nível 7 */ = {
			isa = PBXGroup;
			children = (
				AF6FF0CB2634903F00387ECD /* URI 1021.cpp */,
				AF6FF0CC2634903F00387ECD /* URI 1047.cpp */,
			);
			path = "Nível 7";
			sourceTree = "<group>";
		};
		AF6FF0CD2634903F00387ECD /* Nível 1 */ = {
			isa = PBXGroup;
			children = (
				AF6FF0CE2634903F00387ECD /* URI 1019.cpp */,
				AF6FF0CF2634903F00387ECD /* URI 2060.cpp */,
				AF6FF0D02634903F00387ECD /* URI 1186.cpp */,
				AF6FF0D12634903F00387ECD /* URI 1144.cpp */,
				AF6FF0D22634903F00387ECD /* URI 2061.cpp */,
				AF6FF0D32634903F00387ECD /* URI 1153.cpp */,
				AF6FF0D42634903F00387ECD /* URI 1962.cpp */,
				AF6FF0D52634903F00387ECD /* URI 1143.cpp */,
				AF6FF0D62634903F00387ECD /* URI 1157.cpp */,
				AF6FF0D72634903F00387ECD /* URI 1142.cpp */,
				AF6FF0D82634903F00387ECD /* URI 1963.cpp */,
				AF6FF0D92634903F00387ECD /* URI 2879.cpp */,
				AF6FF0DA2634903F00387ECD /* URI 2702.cpp */,
				AF6FF0DB2634903F00387ECD /* URI 1009.cpp */,
				AF6FF0DC2634903F00387ECD /* URI 2759.cpp */,
				AF6FF0DD2634903F00387ECD /* URI 1866.cpp */,
				AF6FF0DE2634903F00387ECD /* URI 2176.cpp */,
				AF6FF0DF2634903F00387ECD /* URI 2764.cpp */,
				AF6FF0E02634903F00387ECD /* URI 1858.cpp */,
				AF6FF0E12634903F00387ECD /* URI 1864.cpp */,
				AF6FF0E22634903F00387ECD /* URI 1865.cpp */,
				AF6FF0E32634903F00387ECD /* URI 2161.cpp */,
				AF6FF0E42634903F00387ECD /* URI 2808.cpp */,
				AF6FF0E52634903F00387ECD /* URI 2029.cpp */,
				AF6FF0E62634903F00387ECD /* URI 1097.cpp */,
				AF6FF0E72634903F00387ECD /* URI 1040.cpp */,
				AF6FF0E82634903F00387ECD /* URI 2950.cpp */,
				AF6FF0E92634903F00387ECD /* URI 2763.cpp */,
				AF6FF0EA2634903F00387ECD /* URI 1134.cpp */,
				AF6FF0EB2634903F00387ECD /* URI 2951.cpp */,
				AF6FF0EC2634903F00387ECD /* URI 1096.cpp */,
				AF6FF0ED2634903F00387ECD /* URI 2006.cpp */,
				AF6FF0EE2634903F00387ECD /* URI 2748.cpp */,
				AF6FF0EF2634903F00387ECD /* URI 2166.cpp */,
				AF6FF0F02634903F00387ECD /* URI 2172.cpp */,
				AF6FF0F12634903F00387ECD /* URI 2167.cpp */,
				AF6FF0F22634903F00387ECD /* URI 1095.cpp */,
				AF6FF0F32634903F00387ECD /* URI 2234.cpp */,
				AF6FF0F42634903F00387ECD /* URI 2787.cpp */,
				AF6FF0F52634903F00387ECD /* URI 1113.cpp */,
				AF6FF0F62634903F00387ECD /* URI 2786.cpp */,
				AF6FF0F72634903F00387ECD /* URI 2235.cpp */,
				AF6FF0F82634903F00387ECD /* URI 1933.cpp */,
				AF6FF0F92634903F00387ECD /* URI 1099.cpp */,
				AF6FF0FA2634903F00387ECD /* URI 2753.cpp */,
				AF6FF0FB2634903F00387ECD /* URI 2140.cpp */,
				AF6FF0FC2634903F00387ECD /* URI 2168.cpp */,
				AF6FF0FD2634903F00387ECD /* URI 2752.cpp */,
				AF6FF0FE2634903F00387ECD /* URI 2791.cpp */,
				AF6FF0FF2634903F00387ECD /* URI 2949.cpp */,
				AF6FF1002634903F00387ECD /* URI 1924.cpp */,
				AF6FF1012634903F00387ECD /* URI 1930.cpp */,
				AF6FF1022634903F00387ECD /* URI 2756.cpp */,
				AF6FF1032634903F00387ECD /* URI 1115.cpp */,
				AF6FF1042634903F00387ECD /* URI 2780.cpp */,
				AF6FF1052634903F00387ECD /* URI 1921.cpp */,
				AF6FF1062634903F00387ECD /* URI 1116.cpp */,
				AF6FF1072634903F00387ECD /* URI 1117.cpp */,
				AF6FF1082634903F00387ECD /* URI 2146.cpp */,
				AF6FF1092634903F00387ECD /* URI 2581.cpp */,
				AF6FF10A2634903F00387ECD /* URI 1004.cpp */,
				AF6FF10B2634903F00387ECD /* URI 2684.cpp */,
				AF6FF10C2634903F00387ECD /* URI 1164.cpp */,
				AF6FF10D2634903F00387ECD /* URI 1158.cpp */,
				AF6FF10E2634903F00387ECD /* URI 1159.cpp */,
				AF6FF10F2634903F00387ECD /* URI 2861.cpp */,
				AF6FF1102634903F00387ECD /* URI 1985.cpp */,
				AF6FF1112634903F00387ECD /* URI 1173.cpp */,
				AF6FF1122634903F00387ECD /* URI 2862.cpp */,
				AF6FF1132634903F00387ECD /* URI 2057.cpp */,
				AF6FF1142634903F00387ECD /* URI 2043.cpp */,
				AF6FF1152634903F00387ECD /* URI 1957.cpp */,
				AF6FF1162634903F00387ECD /* URI 1016.cpp */,
				AF6FF1172634903F00387ECD /* URI 2721.cpp */,
				AF6FF1182634903F00387ECD /* URI 1177.cpp */,
				AF6FF1192634903F00387ECD /* URI 1188.cpp */,
				AF6FF11A2634903F00387ECD /* URI 2640.cpp */,
				AF6FF11B2634903F00387ECD /* URI 1017.cpp */,
				AF6FF11C2634903F00387ECD /* URI 2483.cpp */,
				AF6FF11D2634903F00387ECD /* URI 1149.cpp */,
				AF6FF11E2634903F00387ECD /* URI 1175.cpp */,
			);
			path = "Nível 1";
			sourceTree = "<group>";
		};
		AF6FF11F2634903F00387ECD /* Nível 6 */ = {
			isa = PBXGroup;
			children = (
				AF6FF1202634903F00387ECD /* URI 2502.cpp */,
				AF6FF1212634903F00387ECD /* URI 2674.cpp */,
				AF6FF1222634903F00387ECD /* URI 2338.cpp */,
				AF6FF1232634903F00387ECD /* URI 1045.cpp */,
				AF6FF1242634903F00387ECD /* URI 2493.cpp */,
				AF6FF1252634903F00387ECD /* URI 1002.cpp */,
				AF6FF1262634903F00387ECD /* URI 1837.cpp */,
			);
			path = "Nível 6";
			sourceTree = "<group>";
		};
		AF6FF1272634903F00387ECD /* Nível 8 */ = {
			isa = PBXGroup;
			children = (
				AF6FF1282634903F00387ECD /* URI 2222.cpp */,
			);
			path = "Nível 8";
			sourceTree = "<group>";
		};
		AF6FF1292634903F00387ECD /* Contests */ = {
			isa = PBXGroup;
			children = (
				AF6FF12A2634903F00387ECD /* Atrasadinhos.cpp */,
				AF6FF12B2634903F00387ECD /* Acionista por um dia.cpp */,
				AF6FF12C2634903F00387ECD /* Lista de Treinamento.cpp */,
			);
			path = Contests;
			sourceTree = "<group>";
		};
		AF6FF12D2634903F00387ECD /* Estruturas e Bibliotecas */ = {
			isa = PBXGroup;
			children = (
				AF6FF12E2634903F00387ECD /* Nível 4 */,
			);
			path = "Estruturas e Bibliotecas";
			sourceTree = "<group>";
		};
		AF6FF12E2634903F00387ECD /* Nível 4 */ = {
			isa = PBXGroup;
			children = (
				AF6FF12F2634903F00387ECD /* URI 2693.cpp */,
			);
			path = "Nível 4";
			sourceTree = "<group>";
		};
		AF6FF1302634903F00387ECD /* Problemas Adiados */ = {
			isa = PBXGroup;
			children = (
				AF6FF1312634903F00387ECD /* URI 2640_1.cpp */,
				AF6FF1322634903F00387ECD /* URI 2640_2.cpp */,
				AF6FF1332634903F00387ECD /* URI 2640_3.cpp */,
				AF6FF1342634903F00387ECD /* URI 2640_test.cpp */,
				AF6FF1352634903F00387ECD /* URI 2640.cpp */,
			);
			path = "Problemas Adiados";
			sourceTree = "<group>";
		};
		AF6FF1362634903F00387ECD /* Strings */ = {
			isa = PBXGroup;
			children = (
				AF6FF1372634903F00387ECD /* Nível 2 */,
			);
			path = Strings;
			sourceTree = "<group>";
		};
		AF6FF1372634903F00387ECD /* Nível 2 */ = {
			isa = PBXGroup;
			children = (
				AF6FF1382634903F00387ECD /* URI 1168.cpp */,
			);
			path = "Nível 2";
			sourceTree = "<group>";
		};
		AF6FF1392634903F00387ECD /* Grafos */ = {
			isa = PBXGroup;
			children = (
				AF6FF13A2634903F00387ECD /* Nível 10 */,
			);
			path = Grafos;
			sourceTree = "<group>";
		};
		AF6FF13A2634903F00387ECD /* Nível 10 */ = {
			isa = PBXGroup;
			children = (
				AF6FF13B2634903F00387ECD /* URI 2688.cpp */,
			);
			path = "Nível 10";
			sourceTree = "<group>";
		};
		AF6FF13C2634903F00387ECD /* Ad-Hoc */ = {
			isa = PBXGroup;
			children = (
				AF6FF1512634903F00387ECD /* Nível 1 */,
				AF6FF14A2634903F00387ECD /* Nível 2 */,
				AF6FF13D2634903F00387ECD /* Nível 3 */,
				AF6FF1452634903F00387ECD /* Nível 4 */,
				AF6FF1472634903F00387ECD /* Nível 5 */,
			);
			path = "Ad-Hoc";
			sourceTree = "<group>";
		};
		AF6FF13D2634903F00387ECD /* Nível 3 */ = {
			isa = PBXGroup;
			children = (
				AF6FF13E2634903F00387ECD /* URI 1867.cpp */,
				AF6FF13F2634903F00387ECD /* URI 1107.cpp */,
				AF6FF1402634903F00387ECD /* URI 1105.cpp */,
				AF6FF1412634903F00387ECD /* URI 1129.cpp */,
				AF6FF1422634903F00387ECD /* URI 1089.cpp */,
				AF6FF1432634903F00387ECD /* URI 1103.cpp */,
				AF6FF1442634903F00387ECD /* URI 1945.cpp */,
			);
			path = "Nível 3";
			sourceTree = "<group>";
		};
		AF6FF1452634903F00387ECD /* Nível 4 */ = {
			isa = PBXGroup;
			children = (
				AF6FF1462634903F00387ECD /* URI 1618.cpp */,
			);
			path = "Nível 4";
			sourceTree = "<group>";
		};
		AF6FF1472634903F00387ECD /* Nível 5 */ = {
			isa = PBXGroup;
			children = (
				AF6FF1482634903F00387ECD /* URI 1026.cpp */,
				AF6FF1492634903F00387ECD /* URI 1849.cpp */,
			);
			path = "Nível 5";
			sourceTree = "<group>";
		};
		AF6FF14A2634903F00387ECD /* Nível 2 */ = {
			isa = PBXGroup;
			children = (
				AF6FF14B2634903F00387ECD /* URI 2315.cpp */,
				AF6FF14C2634903F00387ECD /* URI 1437.cpp */,
				AF6FF14D2634903F00387ECD /* URI 1553.cpp */,
				AF6FF14E2634903F00387ECD /* URI 1140.cpp */,
				AF6FF14F2634903F00387ECD /* URI 2418.cpp */,
				AF6FF1502634903F00387ECD /* URI 1171.cpp */,
			);
			path = "Nível 2";
			sourceTree = "<group>";
		};
		AF6FF1512634903F00387ECD /* Nível 1 */ = {
			isa = PBXGroup;
			children = (
				AF6FF1522634903F00387ECD /* URI 1794.cpp */,
				AF6FF1532634903F00387ECD /* URI 1743.cpp */,
				AF6FF1542634903F00387ECD /* URI 1192.cpp */,
				AF6FF1552634903F00387ECD /* URI 2459.cpp */,
				AF6FF1562634903F00387ECD /* URI 1387.cpp */,
				AF6FF1572634903F00387ECD /* URI 1379.cpp */,
				AF6FF1582634903F00387ECD /* URI 1397.cpp */,
				AF6FF1592634903F00387ECD /* URI 1546.cpp */,
				AF6FF15A2634903F00387ECD /* URI 1793.cpp */,
				AF6FF15B2634903F00387ECD /* URI 2058.cpp */,
				AF6FF15C2634903F00387ECD /* URI 1091.cpp */,
				AF6FF15D2634903F00387ECD /* URI 1250.cpp */,
				AF6FF15E2634903F00387ECD /* URI 2374.cpp */,
				AF6FF15F2634903F00387ECD /* URI 2377.cpp */,
				AF6FF1602634903F00387ECD /* URI 2388.cpp */,
				AF6FF1612634903F00387ECD /* URI 2416.cpp */,
				AF6FF1622634903F00387ECD /* URI 1890.cpp */,
				AF6FF1632634903F00387ECD /* URI 2369.cpp */,
				AF6FF1642634903F00387ECD /* URI 2381.cpp */,
				AF6FF1652634903F00387ECD /* URI 1515.cpp */,
				AF6FF1662634903F00387ECD /* URI 1467.cpp */,
				AF6FF1672634903F00387ECD /* URI 1428.cpp */,
				AF6FF1682634903F00387ECD /* URI 2479.cpp */,
				AF6FF1692634903F00387ECD /* URI 2875.cpp */,
				AF6FF16A2634903F00387ECD /* URI 2295.cpp */,
				AF6FF16B2634903F00387ECD /* URI 2679.cpp */,
				AF6FF16C2634903F00387ECD /* URI 1943.cpp */,
				AF6FF16D2634903F00387ECD /* URI 2456.cpp */,
				AF6FF16E2634903F00387ECD /* URI 1573.cpp */,
			);
			path = "Nível 1";
			sourceTree = "<group>";
		};
/* End PBXGroup section */

/* Begin PBXNativeTarget section */
		AF0B752126348F77007CCFA1 /* URIOnlineJudge */ = {
			isa = PBXNativeTarget;
			buildConfigurationList = AF0B752926348F78007CCFA1 /* Build configuration list for PBXNativeTarget "URIOnlineJudge" */;
			buildPhases = (
				AF0B751E26348F77007CCFA1 /* Sources */,
				AF0B751F26348F77007CCFA1 /* Frameworks */,
				AF0B752026348F77007CCFA1 /* CopyFiles */,
			);
			buildRules = (
			);
			dependencies = (
			);
			name = URIOnlineJudge;
			productName = URIOnlineJudge;
			productReference = AF0B752226348F78007CCFA1 /* URIOnlineJudge */;
			productType = "com.apple.product-type.tool";
		};
/* End PBXNativeTarget section */

/* Begin PBXProject section */
		AF0B751A26348F77007CCFA1 /* Project object */ = {
			isa = PBXProject;
			attributes = {
				LastUpgradeCheck = 1240;
				TargetAttributes = {
					AF0B752126348F77007CCFA1 = {
						CreatedOnToolsVersion = 12.4;
					};
				};
			};
			buildConfigurationList = AF0B751D26348F77007CCFA1 /* Build configuration list for PBXProject "URIOnlineJudge" */;
			compatibilityVersion = "Xcode 9.3";
			developmentRegion = en;
			hasScannedForEncodings = 0;
			knownRegions = (
				en,
				Base,
			);
			mainGroup = AF0B751926348F77007CCFA1;
			productRefGroup = AF0B752326348F78007CCFA1 /* Products */;
			projectDirPath = "";
			projectRoot = "";
			targets = (
				AF0B752126348F77007CCFA1 /* URIOnlineJudge */,
			);
		};
/* End PBXProject section */

/* Begin PBXSourcesBuildPhase section */
		AF0B751E26348F77007CCFA1 /* Sources */ = {
			isa = PBXSourcesBuildPhase;
			buildActionMask = 2147483647;
			files = (
				AFCCF4C92634922A001872D0 /* URI 1794.cpp in Sources */,
			);
			runOnlyForDeploymentPostprocessing = 0;
		};
/* End PBXSourcesBuildPhase section */

/* Begin XCBuildConfiguration section */
		AF0B752726348F78007CCFA1 /* Debug */ = {
			isa = XCBuildConfiguration;
			buildSettings = {
				ALWAYS_SEARCH_USER_PATHS = NO;
				CLANG_ANALYZER_NONNULL = YES;
				CLANG_ANALYZER_NUMBER_OBJECT_CONVERSION = YES_AGGRESSIVE;
				CLANG_CXX_LANGUAGE_STANDARD = "gnu++14";
				CLANG_CXX_LIBRARY = "libc++";
				CLANG_ENABLE_MODULES = YES;
				CLANG_ENABLE_OBJC_ARC = YES;
				CLANG_ENABLE_OBJC_WEAK = YES;
				CLANG_WARN_BLOCK_CAPTURE_AUTORELEASING = YES;
				CLANG_WARN_BOOL_CONVERSION = YES;
				CLANG_WARN_COMMA = YES;
				CLANG_WARN_CONSTANT_CONVERSION = YES;
				CLANG_WARN_DEPRECATED_OBJC_IMPLEMENTATIONS = YES;
				CLANG_WARN_DIRECT_OBJC_ISA_USAGE = YES_ERROR;
				CLANG_WARN_DOCUMENTATION_COMMENTS = YES;
				CLANG_WARN_EMPTY_BODY = YES;
				CLANG_WARN_ENUM_CONVERSION = YES;
				CLANG_WARN_INFINITE_RECURSION = YES;
				CLANG_WARN_INT_CONVERSION = YES;
				CLANG_WARN_NON_LITERAL_NULL_CONVERSION = YES;
				CLANG_WARN_OBJC_IMPLICIT_RETAIN_SELF = YES;
				CLANG_WARN_OBJC_LITERAL_CONVERSION = YES;
				CLANG_WARN_OBJC_ROOT_CLASS = YES_ERROR;
				CLANG_WARN_QUOTED_INCLUDE_IN_FRAMEWORK_HEADER = YES;
				CLANG_WARN_RANGE_LOOP_ANALYSIS = YES;
				CLANG_WARN_STRICT_PROTOTYPES = YES;
				CLANG_WARN_SUSPICIOUS_MOVE = YES;
				CLANG_WARN_UNGUARDED_AVAILABILITY = YES_AGGRESSIVE;
				CLANG_WARN_UNREACHABLE_CODE = YES;
				CLANG_WARN__DUPLICATE_METHOD_MATCH = YES;
				COPY_PHASE_STRIP = NO;
				DEBUG_INFORMATION_FORMAT = dwarf;
				ENABLE_STRICT_OBJC_MSGSEND = YES;
				ENABLE_TESTABILITY = YES;
				GCC_C_LANGUAGE_STANDARD = gnu11;
				GCC_DYNAMIC_NO_PIC = NO;
				GCC_NO_COMMON_BLOCKS = YES;
				GCC_OPTIMIZATION_LEVEL = 0;
				GCC_PREPROCESSOR_DEFINITIONS = (
					"DEBUG=1",
					"$(inherited)",
				);
				GCC_WARN_64_TO_32_BIT_CONVERSION = YES;
				GCC_WARN_ABOUT_RETURN_TYPE = YES_ERROR;
				GCC_WARN_UNDECLARED_SELECTOR = YES;
				GCC_WARN_UNINITIALIZED_AUTOS = YES_AGGRESSIVE;
				GCC_WARN_UNUSED_FUNCTION = YES;
				GCC_WARN_UNUSED_VARIABLE = YES;
				MACOSX_DEPLOYMENT_TARGET = 11.1;
				MTL_ENABLE_DEBUG_INFO = INCLUDE_SOURCE;
				MTL_FAST_MATH = YES;
				ONLY_ACTIVE_ARCH = YES;
				SDKROOT = macosx;
			};
			name = Debug;
		};
		AF0B752826348F78007CCFA1 /* Release */ = {
			isa = XCBuildConfiguration;
			buildSettings = {
				ALWAYS_SEARCH_USER_PATHS = NO;
				CLANG_ANALYZER_NONNULL = YES;
				CLANG_ANALYZER_NUMBER_OBJECT_CONVERSION = YES_AGGRESSIVE;
				CLANG_CXX_LANGUAGE_STANDARD = "gnu++14";
				CLANG_CXX_LIBRARY = "libc++";
				CLANG_ENABLE_MODULES = YES;
				CLANG_ENABLE_OBJC_ARC = YES;
				CLANG_ENABLE_OBJC_WEAK = YES;
				CLANG_WARN_BLOCK_CAPTURE_AUTORELEASING = YES;
				CLANG_WARN_BOOL_CONVERSION = YES;
				CLANG_WARN_COMMA = YES;
				CLANG_WARN_CONSTANT_CONVERSION = YES;
				CLANG_WARN_DEPRECATED_OBJC_IMPLEMENTATIONS = YES;
				CLANG_WARN_DIRECT_OBJC_ISA_USAGE = YES_ERROR;
				CLANG_WARN_DOCUMENTATION_COMMENTS = YES;
				CLANG_WARN_EMPTY_BODY = YES;
				CLANG_WARN_ENUM_CONVERSION = YES;
				CLANG_WARN_INFINITE_RECURSION = YES;
				CLANG_WARN_INT_CONVERSION = YES;
				CLANG_WARN_NON_LITERAL_NULL_CONVERSION = YES;
				CLANG_WARN_OBJC_IMPLICIT_RETAIN_SELF = YES;
				CLANG_WARN_OBJC_LITERAL_CONVERSION = YES;
				CLANG_WARN_OBJC_ROOT_CLASS = YES_ERROR;
				CLANG_WARN_QUOTED_INCLUDE_IN_FRAMEWORK_HEADER = YES;
				CLANG_WARN_RANGE_LOOP_ANALYSIS = YES;
				CLANG_WARN_STRICT_PROTOTYPES = YES;
				CLANG_WARN_SUSPICIOUS_MOVE = YES;
				CLANG_WARN_UNGUARDED_AVAILABILITY = YES_AGGRESSIVE;
				CLANG_WARN_UNREACHABLE_CODE = YES;
				CLANG_WARN__DUPLICATE_METHOD_MATCH = YES;
				COPY_PHASE_STRIP = NO;
				DEBUG_INFORMATION_FORMAT = "dwarf-with-dsym";
				ENABLE_NS_ASSERTIONS = NO;
				ENABLE_STRICT_OBJC_MSGSEND = YES;
				GCC_C_LANGUAGE_STANDARD = gnu11;
				GCC_NO_COMMON_BLOCKS = YES;
				GCC_WARN_64_TO_32_BIT_CONVERSION = YES;
				GCC_WARN_ABOUT_RETURN_TYPE = YES_ERROR;
				GCC_WARN_UNDECLARED_SELECTOR = YES;
				GCC_WARN_UNINITIALIZED_AUTOS = YES_AGGRESSIVE;
				GCC_WARN_UNUSED_FUNCTION = YES;
				GCC_WARN_UNUSED_VARIABLE = YES;
				MACOSX_DEPLOYMENT_TARGET = 11.1;
				MTL_ENABLE_DEBUG_INFO = NO;
				MTL_FAST_MATH = YES;
				SDKROOT = macosx;
			};
			name = Release;
		};
		AF0B752A26348F78007CCFA1 /* Debug */ = {
			isa = XCBuildConfiguration;
			buildSettings = {
				CODE_SIGN_STYLE = Automatic;
				DEVELOPMENT_TEAM = UF8Y623ASB;
				ENABLE_HARDENED_RUNTIME = YES;
				PRODUCT_NAME = "$(TARGET_NAME)";
			};
			name = Debug;
		};
		AF0B752B26348F78007CCFA1 /* Release */ = {
			isa = XCBuildConfiguration;
			buildSettings = {
				CODE_SIGN_STYLE = Automatic;
				DEVELOPMENT_TEAM = UF8Y623ASB;
				ENABLE_HARDENED_RUNTIME = YES;
				PRODUCT_NAME = "$(TARGET_NAME)";
			};
			name = Release;
		};
/* End XCBuildConfiguration section */

/* Begin XCConfigurationList section */
		AF0B751D26348F77007CCFA1 /* Build configuration list for PBXProject "URIOnlineJudge" */ = {
			isa = XCConfigurationList;
			buildConfigurations = (
				AF0B752726348F78007CCFA1 /* Debug */,
				AF0B752826348F78007CCFA1 /* Release */,
			);
			defaultConfigurationIsVisible = 0;
			defaultConfigurationName = Release;
		};
		AF0B752926348F78007CCFA1 /* Build configuration list for PBXNativeTarget "URIOnlineJudge" */ = {
			isa = XCConfigurationList;
			buildConfigurations = (
				AF0B752A26348F78007CCFA1 /* Debug */,
				AF0B752B26348F78007CCFA1 /* Release */,
			);
			defaultConfigurationIsVisible = 0;
			defaultConfigurationName = Release;
		};
/* End XCConfigurationList section */
	};
	rootObject = AF0B751A26348F77007CCFA1 /* Project object */;
}
